// !$*UTF8*$!
{
	archiveVersion = 1;
	classes = {
	};
	objectVersion = 46;
	objects = {

/* Begin PBXBuildFile section */
		911975BA1888618F0070C1AE /* ButtonStar.png in Resources */ = {isa = PBXBuildFile; fileRef = 911975B81888618F0070C1AE /* ButtonStar.png */; };
		911975BB1888618F0070C1AE /* ButtonStarSel.png in Resources */ = {isa = PBXBuildFile; fileRef = 911975B91888618F0070C1AE /* ButtonStarSel.png */; };
		914BE9CD188969C70085E989 /* cannon-head-cropped.png in Resources */ = {isa = PBXBuildFile; fileRef = 914BE9CC188969C70085E989 /* cannon-head-cropped.png */; };
		914BE9D1188990390085E989 /* cannon-body2.png in Resources */ = {isa = PBXBuildFile; fileRef = 914BE9D0188990390085E989 /* cannon-body2.png */; };
		914BE9DB1889BCA00085E989 /* EasyLevelLayer.mm in Sources */ = {isa = PBXBuildFile; fileRef = 914BE9DA1889BC9F0085E989 /* EasyLevelLayer.mm */; };
		914BE9E31889BDF40085E989 /* bg.png in Resources */ = {isa = PBXBuildFile; fileRef = 914BE9DD1889BDF40085E989 /* bg.png */; };
		914BE9E41889BDF40085E989 /* bg@2x.png in Resources */ = {isa = PBXBuildFile; fileRef = 914BE9DE1889BDF40085E989 /* bg@2x.png */; };
		914BE9E51889BDF40085E989 /* button.png in Resources */ = {isa = PBXBuildFile; fileRef = 914BE9DF1889BDF40085E989 /* button.png */; };
		914BE9E61889BDF40085E989 /* button@2x.png in Resources */ = {isa = PBXBuildFile; fileRef = 914BE9E01889BDF40085E989 /* button@2x.png */; };
		914BE9E71889BDF40085E989 /* lock.png in Resources */ = {isa = PBXBuildFile; fileRef = 914BE9E11889BDF40085E989 /* lock.png */; };
		914BE9E81889BDF40085E989 /* lock@2x.png in Resources */ = {isa = PBXBuildFile; fileRef = 914BE9E21889BDF40085E989 /* lock@2x.png */; };
		917E7AC4188F1D4F004C4217 /* 4.png in Resources */ = {isa = PBXBuildFile; fileRef = 917E7AC0188F1D4F004C4217 /* 4.png */; };
		917E7AC5188F1D4F004C4217 /* 3.png in Resources */ = {isa = PBXBuildFile; fileRef = 917E7AC1188F1D4F004C4217 /* 3.png */; };
		917E7AC6188F1D4F004C4217 /* 2.png in Resources */ = {isa = PBXBuildFile; fileRef = 917E7AC2188F1D4F004C4217 /* 2.png */; };
		917E7AC7188F1D4F004C4217 /* 1.png in Resources */ = {isa = PBXBuildFile; fileRef = 917E7AC3188F1D4F004C4217 /* 1.png */; };
		AB49BD90188F991600795F1D /* level2.plist in Resources */ = {isa = PBXBuildFile; fileRef = AB49BD8F188F991600795F1D /* level2.plist */; };
		AB49BD92188F9F3D00795F1D /* level4.plist in Resources */ = {isa = PBXBuildFile; fileRef = AB49BD91188F9F3D00795F1D /* level4.plist */; };
		AB7821C6188A5515008F51B8 /* PauseScene.mm in Sources */ = {isa = PBXBuildFile; fileRef = AB7821C5188A5515008F51B8 /* PauseScene.mm */; };
		AB7821C8188A56A7008F51B8 /* pause.png in Resources */ = {isa = PBXBuildFile; fileRef = AB7821C7188A56A7008F51B8 /* pause.png */; };
		AB9828BF18907A010029FFEC /* apple.png in Resources */ = {isa = PBXBuildFile; fileRef = AB9828BE18907A010029FFEC /* apple.png */; };
		AB9BA6441890672E00D66681 /* apple_big.png in Resources */ = {isa = PBXBuildFile; fileRef = AB9BA6421890672E00D66681 /* apple_big.png */; };
		AB9BA6451890672E00D66681 /* apple_level.png in Resources */ = {isa = PBXBuildFile; fileRef = AB9BA6431890672E00D66681 /* apple_level.png */; };
		AB9E13821889CA4B001F6EA8 /* rock.png in Resources */ = {isa = PBXBuildFile; fileRef = AB9E13811889CA4B001F6EA8 /* rock.png */; };
		AB9E13841889CF26001F6EA8 /* level5.plist in Resources */ = {isa = PBXBuildFile; fileRef = AB9E13831889CF26001F6EA8 /* level5.plist */; };
		AB9E2D031888D5B600F99EAB /* MyContactListener.mm in Sources */ = {isa = PBXBuildFile; fileRef = AB9E2D021888D5B600F99EAB /* MyContactListener.mm */; };
		AB9E597A188B261100B7D315 /* level_select_button@2x.png in Resources */ = {isa = PBXBuildFile; fileRef = AB9E5972188B261100B7D315 /* level_select_button@2x.png */; };
		AB9E597C188B261100B7D315 /* main_menu_button@2x.png in Resources */ = {isa = PBXBuildFile; fileRef = AB9E5974188B261100B7D315 /* main_menu_button@2x.png */; };
		AB9E597D188B261100B7D315 /* main_menu_button2@2x.png in Resources */ = {isa = PBXBuildFile; fileRef = AB9E5975188B261100B7D315 /* main_menu_button2@2x.png */; };
		AB9E597E188B261100B7D315 /* restart_button@2x.png in Resources */ = {isa = PBXBuildFile; fileRef = AB9E5976188B261100B7D315 /* restart_button@2x.png */; };
		AB9E597F188B261100B7D315 /* restart_button2@2x.png in Resources */ = {isa = PBXBuildFile; fileRef = AB9E5977188B261100B7D315 /* restart_button2@2x.png */; };
		AB9E5980188B261100B7D315 /* resume_button@2x.png in Resources */ = {isa = PBXBuildFile; fileRef = AB9E5978188B261100B7D315 /* resume_button@2x.png */; };
		AB9E5981188B261100B7D315 /* resume_button2@2x.png in Resources */ = {isa = PBXBuildFile; fileRef = AB9E5979188B261100B7D315 /* resume_button2@2x.png */; };
		AB9E5983188B371B00B7D315 /* level_select_button2@2x.png in Resources */ = {isa = PBXBuildFile; fileRef = AB9E5982188B371B00B7D315 /* level_select_button2@2x.png */; };
		AB9FBB87188B190000992502 /* level_select_button.png in Resources */ = {isa = PBXBuildFile; fileRef = AB9FBB7F188B190000992502 /* level_select_button.png */; };
		AB9FBB88188B190000992502 /* level_select_button2.png in Resources */ = {isa = PBXBuildFile; fileRef = AB9FBB80188B190000992502 /* level_select_button2.png */; };
		AB9FBB89188B190000992502 /* main_menu_button.png in Resources */ = {isa = PBXBuildFile; fileRef = AB9FBB81188B190000992502 /* main_menu_button.png */; };
		AB9FBB8A188B190000992502 /* main_menu_button2.png in Resources */ = {isa = PBXBuildFile; fileRef = AB9FBB82188B190000992502 /* main_menu_button2.png */; };
		AB9FBB8B188B190000992502 /* restart_button.png in Resources */ = {isa = PBXBuildFile; fileRef = AB9FBB83188B190000992502 /* restart_button.png */; };
		AB9FBB8C188B190000992502 /* restart_button2.png in Resources */ = {isa = PBXBuildFile; fileRef = AB9FBB84188B190000992502 /* restart_button2.png */; };
		AB9FBB8D188B190000992502 /* resume_button.png in Resources */ = {isa = PBXBuildFile; fileRef = AB9FBB85188B190000992502 /* resume_button.png */; };
		AB9FBB8E188B190000992502 /* resume_button2.png in Resources */ = {isa = PBXBuildFile; fileRef = AB9FBB86188B190000992502 /* resume_button2.png */; };
		ABA18ADE18903B3800B05B35 /* NextLevelScene.mm in Sources */ = {isa = PBXBuildFile; fileRef = ABA18ADD18903B3800B05B35 /* NextLevelScene.mm */; };
		ABA2151C18862C0E0011BE0B /* gameBackground.png in Resources */ = {isa = PBXBuildFile; fileRef = ABA2151B18862C0E0011BE0B /* gameBackground.png */; };
		ABB719CF18871CCA004D2FCA /* Fluffy.m in Sources */ = {isa = PBXBuildFile; fileRef = ABB719CE18871CCA004D2FCA /* Fluffy.m */; };
		ABB719D118872333004D2FCA /* cannon2.png in Resources */ = {isa = PBXBuildFile; fileRef = ABB719D018872333004D2FCA /* cannon2.png */; };
		ABB719D318872546004D2FCA /* level1.plist in Resources */ = {isa = PBXBuildFile; fileRef = ABB719D218872546004D2FCA /* level1.plist */; };
		ABB719D518872D0A004D2FCA /* level3.plist in Resources */ = {isa = PBXBuildFile; fileRef = ABB719D418872D0A004D2FCA /* level3.plist */; };
		ABB719DA18873FBF004D2FCA /* Obstacle.m in Sources */ = {isa = PBXBuildFile; fileRef = ABB719D918873FBF004D2FCA /* Obstacle.m */; };
		ABB719DD188744B9004D2FCA /* Fruit.m in Sources */ = {isa = PBXBuildFile; fileRef = ABB719DC188744B9004D2FCA /* Fruit.m */; };
		ABB719E01887565E004D2FCA /* banana-hd.png in Resources */ = {isa = PBXBuildFile; fileRef = ABB719DE1887565E004D2FCA /* banana-hd.png */; };
		ABB719E11887565E004D2FCA /* banana.png in Resources */ = {isa = PBXBuildFile; fileRef = ABB719DF1887565E004D2FCA /* banana.png */; };
		ABB719E41887566E004D2FCA /* grapes-hd.png in Resources */ = {isa = PBXBuildFile; fileRef = ABB719E21887566E004D2FCA /* grapes-hd.png */; };
		ABB719E51887566E004D2FCA /* grapes.png in Resources */ = {isa = PBXBuildFile; fileRef = ABB719E31887566E004D2FCA /* grapes.png */; };
		ABB719E81887567B004D2FCA /* pineapple-hd.png in Resources */ = {isa = PBXBuildFile; fileRef = ABB719E61887567B004D2FCA /* pineapple-hd.png */; };
		ABB719E91887567B004D2FCA /* pineapple.png in Resources */ = {isa = PBXBuildFile; fileRef = ABB719E71887567B004D2FCA /* pineapple.png */; };
		ABB719EC18875684004D2FCA /* strawberry-hd.png in Resources */ = {isa = PBXBuildFile; fileRef = ABB719EA18875684004D2FCA /* strawberry-hd.png */; };
		ABB719ED18875684004D2FCA /* strawberry.png in Resources */ = {isa = PBXBuildFile; fileRef = ABB719EB18875684004D2FCA /* strawberry.png */; };
		ABB719F01887568D004D2FCA /* watermelon-hd.png in Resources */ = {isa = PBXBuildFile; fileRef = ABB719EE1887568D004D2FCA /* watermelon-hd.png */; };
		ABB719F11887568D004D2FCA /* watermelon.png in Resources */ = {isa = PBXBuildFile; fileRef = ABB719EF1887568D004D2FCA /* watermelon.png */; };
		BF196CF5188DDD74008CB197 /* fluffyframes.plist in Resources */ = {isa = PBXBuildFile; fileRef = BF196CF3188DDD74008CB197 /* fluffyframes.plist */; };
		BF196CF6188DDD74008CB197 /* fluffyframes.png in Resources */ = {isa = PBXBuildFile; fileRef = BF196CF4188DDD74008CB197 /* fluffyframes.png */; };
		BF196CF8188DDD7D008CB197 /* fluffy1.png in Resources */ = {isa = PBXBuildFile; fileRef = BF196CF7188DDD7D008CB197 /* fluffy1.png */; };
		BF196CFA188EF27D008CB197 /* cage.png in Resources */ = {isa = PBXBuildFile; fileRef = BF196CF9188EF27D008CB197 /* cage.png */; };
		BF196D00188EFCAC008CB197 /* ok1.png in Resources */ = {isa = PBXBuildFile; fileRef = BF196CFD188EFCAC008CB197 /* ok1.png */; };
		BF196D01188EFCAC008CB197 /* ok2.png in Resources */ = {isa = PBXBuildFile; fileRef = BF196CFE188EFCAC008CB197 /* ok2.png */; };
		BF196D02188EFCAC008CB197 /* ok3.png in Resources */ = {isa = PBXBuildFile; fileRef = BF196CFF188EFCAC008CB197 /* ok3.png */; };
		BF196D06188F1CE9008CB197 /* snore1.png in Resources */ = {isa = PBXBuildFile; fileRef = BF196D05188F1CE9008CB197 /* snore1.png */; };
		BF196D11188F1EE9008CB197 /* snoringframes.plist in Resources */ = {isa = PBXBuildFile; fileRef = BF196D0F188F1EE9008CB197 /* snoringframes.plist */; };
		BF196D12188F1EE9008CB197 /* snoringframes.png in Resources */ = {isa = PBXBuildFile; fileRef = BF196D10188F1EE9008CB197 /* snoringframes.png */; };
		BF196D20188F8696008CB197 /* tutorial1.png in Resources */ = {isa = PBXBuildFile; fileRef = BF196D1D188F8696008CB197 /* tutorial1.png */; };
		BF196D21188F8696008CB197 /* tutorial2.png in Resources */ = {isa = PBXBuildFile; fileRef = BF196D1E188F8696008CB197 /* tutorial2.png */; };
		BF196D22188F8696008CB197 /* tutorial3.png in Resources */ = {isa = PBXBuildFile; fileRef = BF196D1F188F8696008CB197 /* tutorial3.png */; };
		BF196D2518905AFA008CB197 /* derpymathlayer.mm in Sources */ = {isa = PBXBuildFile; fileRef = BF196D2418905AFA008CB197 /* derpymathlayer.mm */; };
		BF22E3D5188472C9007E26DF /* hungryEevee.png in Resources */ = {isa = PBXBuildFile; fileRef = BF22E3D4188472C9007E26DF /* hungryEevee.png */; };
		BF22E3D91884785D007E26DF /* hungryEeveeMouth.png in Resources */ = {isa = PBXBuildFile; fileRef = BF22E3D81884785D007E26DF /* hungryEeveeMouth.png */; };
		BF30E0071888DDB1000773E5 /* cannon-body.png in Resources */ = {isa = PBXBuildFile; fileRef = BF30E0051888DDB1000773E5 /* cannon-body.png */; };
		BF30E0081888DDB1000773E5 /* cannon-head.png in Resources */ = {isa = PBXBuildFile; fileRef = BF30E0061888DDB1000773E5 /* cannon-head.png */; };
		BF39176C18879F5C00EF99E6 /* projectile2.png in Resources */ = {isa = PBXBuildFile; fileRef = BF39176B18879F5C00EF99E6 /* projectile2.png */; };
		BF39176E1887A20400EF99E6 /* bullet.png in Resources */ = {isa = PBXBuildFile; fileRef = BF39176D1887A20400EF99E6 /* bullet.png */; };
		BF4E9607188A1FD10000B4FE /* cannonx.png in Resources */ = {isa = PBXBuildFile; fileRef = BF4E9606188A1FD10000B4FE /* cannonx.png */; };
		BF4E9609188A23760000B4FE /* cannonheadx.png in Resources */ = {isa = PBXBuildFile; fileRef = BF4E9608188A23760000B4FE /* cannonheadx.png */; };
		BF4E960B188A26F30000B4FE /* dialog2.png in Resources */ = {isa = PBXBuildFile; fileRef = BF4E960A188A26F30000B4FE /* dialog2.png */; };
		BF4E960E188A367E0000B4FE /* dialog1.png in Resources */ = {isa = PBXBuildFile; fileRef = BF4E960C188A367E0000B4FE /* dialog1.png */; };
		BF4E960F188A367E0000B4FE /* dialog3.png in Resources */ = {isa = PBXBuildFile; fileRef = BF4E960D188A367E0000B4FE /* dialog3.png */; };
		BF63D6EC1884ADF600F3D3F3 /* menuBackground.png in Resources */ = {isa = PBXBuildFile; fileRef = BF63D6EB1884ADF600F3D3F3 /* menuBackground.png */; };
		BF63D6EE1884AFAC00F3D3F3 /* play.png in Resources */ = {isa = PBXBuildFile; fileRef = BF63D6ED1884AFAC00F3D3F3 /* play.png */; };
		BFB4259718862C92002DD826 /* LevelSelectLayer.mm in Sources */ = {isa = PBXBuildFile; fileRef = BFB4259618862C92002DD826 /* LevelSelectLayer.mm */; };
		BFB4259918862CF2002DD826 /* gameBackground.png in Resources */ = {isa = PBXBuildFile; fileRef = BFB4259818862CF2002DD826 /* gameBackground.png */; };
		BFB4259B18862CFA002DD826 /* tutorials.png in Resources */ = {isa = PBXBuildFile; fileRef = BFB4259A18862CFA002DD826 /* tutorials.png */; };
		BFB425A118862DDE002DD826 /* StartMenuLayer.mm in Sources */ = {isa = PBXBuildFile; fileRef = BFB425A018862DDE002DD826 /* StartMenuLayer.mm */; };
		BFB425A418865A9C002DD826 /* OopsDNE.mm in Sources */ = {isa = PBXBuildFile; fileRef = BFB425A318865A9C002DD826 /* OopsDNE.mm */; };
		BFB425A618865B93002DD826 /* Easy.png in Resources */ = {isa = PBXBuildFile; fileRef = BFB425A518865B93002DD826 /* Easy.png */; };
		BFB425A818865B99002DD826 /* OopsDNE.png in Resources */ = {isa = PBXBuildFile; fileRef = BFB425A718865B99002DD826 /* OopsDNE.png */; };
		BFB425AA1886600F002DD826 /* levelSelectBackground.png in Resources */ = {isa = PBXBuildFile; fileRef = BFB425A91886600F002DD826 /* levelSelectBackground.png */; };
		BFB425AD1886FB5D002DD826 /* goLeft.png in Resources */ = {isa = PBXBuildFile; fileRef = BFB425AB1886FB5D002DD826 /* goLeft.png */; };
		BFB425AE1886FB5D002DD826 /* goRight.png in Resources */ = {isa = PBXBuildFile; fileRef = BFB425AC1886FB5D002DD826 /* goRight.png */; };
		BFB425B1188702D4002DD826 /* level1.png in Resources */ = {isa = PBXBuildFile; fileRef = BFB425AF188702D4002DD826 /* level1.png */; };
		BFB425B2188702D4002DD826 /* level2.png in Resources */ = {isa = PBXBuildFile; fileRef = BFB425B0188702D4002DD826 /* level2.png */; };
		BFB425B418870FD7002DD826 /* cannon2.png in Resources */ = {isa = PBXBuildFile; fileRef = BFB425B318870FD7002DD826 /* cannon2.png */; };
		BFB425B618872304002DD826 /* Achievements.png in Resources */ = {isa = PBXBuildFile; fileRef = BFB425B518872304002DD826 /* Achievements.png */; };
		BFB425B8188727AA002DD826 /* Bonus.png in Resources */ = {isa = PBXBuildFile; fileRef = BFB425B7188727AA002DD826 /* Bonus.png */; };
		BFB425BA188783EB002DD826 /* gameBar.png in Resources */ = {isa = PBXBuildFile; fileRef = BFB425B9188783EB002DD826 /* gameBar.png */; };
		BFC2DCE41885FE3200A1D673 /* comments in Resources */ = {isa = PBXBuildFile; fileRef = BFC2DCE31885FE3200A1D673 /* comments */; };
		BFC2DCE8188609E900A1D673 /* apple2.png in Resources */ = {isa = PBXBuildFile; fileRef = BFC2DCE7188609E900A1D673 /* apple2.png */; };
		DC193EB713B692D100500B56 /* GLES-Render.mm in Sources */ = {isa = PBXBuildFile; fileRef = DC193EB313B6872600500B56 /* GLES-Render.mm */; };
		DC193EB813B692D100500B56 /* GLES-Render.mm in Sources */ = {isa = PBXBuildFile; fileRef = DC193EB313B6872600500B56 /* GLES-Render.mm */; };
		DC193EBC13B6956F00500B56 /* ContactListener.mm in Sources */ = {isa = PBXBuildFile; fileRef = DC193EBB13B6956F00500B56 /* ContactListener.mm */; };
		DC193EBD13B6956F00500B56 /* ContactListener.mm in Sources */ = {isa = PBXBuildFile; fileRef = DC193EBB13B6956F00500B56 /* ContactListener.mm */; };
		DC193EC113B6969B00500B56 /* Author&License.txt in Resources */ = {isa = PBXBuildFile; fileRef = DC193EBF13B6969B00500B56 /* Author&License.txt */; };
		DC193EC213B6969B00500B56 /* Author&License.txt in Resources */ = {isa = PBXBuildFile; fileRef = DC193EBF13B6969B00500B56 /* Author&License.txt */; };
		DC193EC313B6969B00500B56 /* dg_grounds32.png in Resources */ = {isa = PBXBuildFile; fileRef = DC193EC013B6969B00500B56 /* dg_grounds32.png */; };
		DC193EC413B6969B00500B56 /* dg_grounds32.png in Resources */ = {isa = PBXBuildFile; fileRef = DC193EC013B6969B00500B56 /* dg_grounds32.png */; };
		DC26D6BE14B9E4D500B6002E /* fps_images-hd.png in Resources */ = {isa = PBXBuildFile; fileRef = DC26D6BD14B9E4D500B6002E /* fps_images-hd.png */; };
		DC26D6BF14B9E4D500B6002E /* fps_images-hd.png in Resources */ = {isa = PBXBuildFile; fileRef = DC26D6BD14B9E4D500B6002E /* fps_images-hd.png */; };
		DC2721B1160CB01100D88944 /* Default-568h@2x.png in Resources */ = {isa = PBXBuildFile; fileRef = DC2721B0160CB01100D88944 /* Default-568h@2x.png */; };
		DC2A3EC4149A30B400EF78B0 /* Box2DDebugLayer.mm in Sources */ = {isa = PBXBuildFile; fileRef = DC2A3EC3149A30B400EF78B0 /* Box2DDebugLayer.mm */; };
		DC2A3EC5149A30B400EF78B0 /* Box2DDebugLayer.mm in Sources */ = {isa = PBXBuildFile; fileRef = DC2A3EC3149A30B400EF78B0 /* Box2DDebugLayer.mm */; };
		DC485B1113AA0E5600F2BC70 /* libchipmunk-mac.a in Frameworks */ = {isa = PBXBuildFile; fileRef = DC485B0D13AA0E5600F2BC70 /* libchipmunk-mac.a */; };
		DC485B1713AA0EBB00F2BC70 /* libbox2d-mac.a in Frameworks */ = {isa = PBXBuildFile; fileRef = DC485B1613AA0EBB00F2BC70 /* libbox2d-mac.a */; };
		DC485B4613AA18A600F2BC70 /* libcocosdenshion-mac.a in Frameworks */ = {isa = PBXBuildFile; fileRef = DC485B4513AA18A600F2BC70 /* libcocosdenshion-mac.a */; };
		DC65615C13A969B600A7AC53 /* libbox2d-ios.a in Frameworks */ = {isa = PBXBuildFile; fileRef = DC65615013A969B600A7AC53 /* libbox2d-ios.a */; };
		DC65615D13A969B600A7AC53 /* libchipmunk-ios.a in Frameworks */ = {isa = PBXBuildFile; fileRef = DC65615113A969B600A7AC53 /* libchipmunk-ios.a */; };
		DC65615E13A969B600A7AC53 /* libchipmunk-spacemanager-ios.a in Frameworks */ = {isa = PBXBuildFile; fileRef = DC65615213A969B600A7AC53 /* libchipmunk-spacemanager-ios.a */; };
		DC65616013A969B600A7AC53 /* libcocos2d-extensions-ios.a in Frameworks */ = {isa = PBXBuildFile; fileRef = DC65615413A969B600A7AC53 /* libcocos2d-extensions-ios.a */; };
		DC65616113A969B600A7AC53 /* libcocos2d-ios.a in Frameworks */ = {isa = PBXBuildFile; fileRef = DC65615513A969B600A7AC53 /* libcocos2d-ios.a */; };
		DC65616213A969B600A7AC53 /* libcocos3d-ios.a in Frameworks */ = {isa = PBXBuildFile; fileRef = DC65615613A969B600A7AC53 /* libcocos3d-ios.a */; };
		DC65616313A969B600A7AC53 /* libcocosdenshion-ios.a in Frameworks */ = {isa = PBXBuildFile; fileRef = DC65615713A969B600A7AC53 /* libcocosdenshion-ios.a */; };
		DC65616413A969B600A7AC53 /* libkobold2d-ios.a in Frameworks */ = {isa = PBXBuildFile; fileRef = DC65615813A969B600A7AC53 /* libkobold2d-ios.a */; };
		DC65616513A969B600A7AC53 /* libobjectal-ios.a in Frameworks */ = {isa = PBXBuildFile; fileRef = DC65615913A969B600A7AC53 /* libobjectal-ios.a */; };
		DC65616613A969B600A7AC53 /* libsneakyinput-ios.a in Frameworks */ = {isa = PBXBuildFile; fileRef = DC65615A13A969B600A7AC53 /* libsneakyinput-ios.a */; };
		DC65617D15114BC500E59F8A /* fps_images-ipadhd.png in Resources */ = {isa = PBXBuildFile; fileRef = DC65617C15114BC500E59F8A /* fps_images-ipadhd.png */; };
		DC979E3E13B35F8800656CB9 /* libcocos2d-extensions-mac.a in Frameworks */ = {isa = PBXBuildFile; fileRef = DC979E3D13B35F8800656CB9 /* libcocos2d-extensions-mac.a */; };
		DC979E5A13B3607E00656CB9 /* libchipmunk-spacemanager-mac.a in Frameworks */ = {isa = PBXBuildFile; fileRef = DC979E5913B3607E00656CB9 /* libchipmunk-spacemanager-mac.a */; };
		DCC1A0FA13A94ED5005BD75D /* Default.png in Resources */ = {isa = PBXBuildFile; fileRef = DCC1A0F913A94ED5005BD75D /* Default.png */; };
		DCC1A0FC13A94ED5005BD75D /* fps_images.png in Resources */ = {isa = PBXBuildFile; fileRef = DCC1A0FB13A94ED5005BD75D /* fps_images.png */; };
		DCC1A0FE13A94ED5005BD75D /* Icon-72.png in Resources */ = {isa = PBXBuildFile; fileRef = DCC1A0FD13A94ED5005BD75D /* Icon-72.png */; };
		DCC1A10013A94ED5005BD75D /* Icon-Small-50.png in Resources */ = {isa = PBXBuildFile; fileRef = DCC1A0FF13A94ED5005BD75D /* Icon-Small-50.png */; };
		DCC1A10213A94ED5005BD75D /* Icon-Small.png in Resources */ = {isa = PBXBuildFile; fileRef = DCC1A10113A94ED5005BD75D /* Icon-Small.png */; };
		DCC1A10413A94ED5005BD75D /* Icon-Small@2x.png in Resources */ = {isa = PBXBuildFile; fileRef = DCC1A10313A94ED5005BD75D /* Icon-Small@2x.png */; };
		DCC1A10613A94ED5005BD75D /* Icon.png in Resources */ = {isa = PBXBuildFile; fileRef = DCC1A10513A94ED5005BD75D /* Icon.png */; };
		DCC1A10813A94ED5005BD75D /* Icon@2x.png in Resources */ = {isa = PBXBuildFile; fileRef = DCC1A10713A94ED5005BD75D /* Icon@2x.png */; };
		DCC1A10B13A94ED5005BD75D /* iTunesArtwork in Resources */ = {isa = PBXBuildFile; fileRef = DCC1A10A13A94ED5005BD75D /* iTunesArtwork */; };
		DCC1A26913A94EE6005BD75D /* InfoPlist.strings in Resources */ = {isa = PBXBuildFile; fileRef = DCC1A26713A94EE6005BD75D /* InfoPlist.strings */; };
		DCC1A26C13A94EE6005BD75D /* MainMenu.xib in Resources */ = {isa = PBXBuildFile; fileRef = DCC1A26A13A94EE6005BD75D /* MainMenu.xib */; };
		DCC1A26E13A94EE6005BD75D /* fps_images.png in Resources */ = {isa = PBXBuildFile; fileRef = DCC1A26D13A94EE6005BD75D /* fps_images.png */; };
		DCC1A27013A94EE6005BD75D /* icon.icns in Resources */ = {isa = PBXBuildFile; fileRef = DCC1A26F13A94EE6005BD75D /* icon.icns */; };
		DCC1A3A913A94F1A005BD75D /* AppDelegate.m in Sources */ = {isa = PBXBuildFile; fileRef = DCC1A38E13A94F1A005BD75D /* AppDelegate.m */; };
		DCC1A3AA13A94F1A005BD75D /* AppDelegate.m in Sources */ = {isa = PBXBuildFile; fileRef = DCC1A38E13A94F1A005BD75D /* AppDelegate.m */; };
		DCC1A3AB13A94F1A005BD75D /* PhysicsLayer.mm in Sources */ = {isa = PBXBuildFile; fileRef = DCC1A39013A94F1A005BD75D /* PhysicsLayer.mm */; };
		DCC1A3AC13A94F1A005BD75D /* PhysicsLayer.mm in Sources */ = {isa = PBXBuildFile; fileRef = DCC1A39013A94F1A005BD75D /* PhysicsLayer.mm */; };
		DCC1A3AD13A94F1A005BD75D /* main.m in Sources */ = {isa = PBXBuildFile; fileRef = DCC1A39113A94F1A005BD75D /* main.m */; };
		DCC1A3AE13A94F1A005BD75D /* main.m in Sources */ = {isa = PBXBuildFile; fileRef = DCC1A39113A94F1A005BD75D /* main.m */; };
		DCC1A3AF13A94F1A005BD75D /* config.lua in Resources */ = {isa = PBXBuildFile; fileRef = DCC1A39513A94F1A005BD75D /* config.lua */; };
		DCC1A3B013A94F1A005BD75D /* config.lua in Resources */ = {isa = PBXBuildFile; fileRef = DCC1A39513A94F1A005BD75D /* config.lua */; };
		DCF95CD213A97EC500AE3B80 /* libcocos2d-mac.a in Frameworks */ = {isa = PBXBuildFile; fileRef = DCF95CC913A97EC500AE3B80 /* libcocos2d-mac.a */; };
		DCF95CD413A97EC500AE3B80 /* libkobold2d-mac.a in Frameworks */ = {isa = PBXBuildFile; fileRef = DCF95CCB13A97EC500AE3B80 /* libkobold2d-mac.a */; };
/* End PBXBuildFile section */

/* Begin PBXFileReference section */
		911975B81888618F0070C1AE /* ButtonStar.png */ = {isa = PBXFileReference; lastKnownFileType = image.png; path = ButtonStar.png; sourceTree = "<group>"; };
		911975B91888618F0070C1AE /* ButtonStarSel.png */ = {isa = PBXFileReference; lastKnownFileType = image.png; path = ButtonStarSel.png; sourceTree = "<group>"; };
		912F81ED18839C0300838683 /* Box2D.h */ = {isa = PBXFileReference; fileEncoding = 4; lastKnownFileType = sourcecode.c.h; path = Box2D.h; sourceTree = "<group>"; };
		914BE9CC188969C70085E989 /* cannon-head-cropped.png */ = {isa = PBXFileReference; lastKnownFileType = image.png; path = "cannon-head-cropped.png"; sourceTree = "<group>"; };
		914BE9D0188990390085E989 /* cannon-body2.png */ = {isa = PBXFileReference; lastKnownFileType = image.png; path = "cannon-body2.png"; sourceTree = "<group>"; };
		914BE9D91889BC9F0085E989 /* EasyLevelLayer.h */ = {isa = PBXFileReference; fileEncoding = 4; lastKnownFileType = sourcecode.c.h; path = EasyLevelLayer.h; sourceTree = "<group>"; };
		914BE9DA1889BC9F0085E989 /* EasyLevelLayer.mm */ = {isa = PBXFileReference; fileEncoding = 4; lastKnownFileType = sourcecode.cpp.objcpp; path = EasyLevelLayer.mm; sourceTree = "<group>"; };
		914BE9DD1889BDF40085E989 /* bg.png */ = {isa = PBXFileReference; lastKnownFileType = image.png; path = bg.png; sourceTree = "<group>"; };
		914BE9DE1889BDF40085E989 /* bg@2x.png */ = {isa = PBXFileReference; lastKnownFileType = image.png; path = "bg@2x.png"; sourceTree = "<group>"; };
		914BE9DF1889BDF40085E989 /* button.png */ = {isa = PBXFileReference; lastKnownFileType = image.png; path = button.png; sourceTree = "<group>"; };
		914BE9E01889BDF40085E989 /* button@2x.png */ = {isa = PBXFileReference; lastKnownFileType = image.png; path = "button@2x.png"; sourceTree = "<group>"; };
		914BE9E11889BDF40085E989 /* lock.png */ = {isa = PBXFileReference; lastKnownFileType = image.png; path = lock.png; sourceTree = "<group>"; };
		914BE9E21889BDF40085E989 /* lock@2x.png */ = {isa = PBXFileReference; lastKnownFileType = image.png; path = "lock@2x.png"; sourceTree = "<group>"; };
		917E7AC0188F1D4F004C4217 /* 4.png */ = {isa = PBXFileReference; lastKnownFileType = image.png; path = 4.png; sourceTree = "<group>"; };
		917E7AC1188F1D4F004C4217 /* 3.png */ = {isa = PBXFileReference; lastKnownFileType = image.png; path = 3.png; sourceTree = "<group>"; };
		917E7AC2188F1D4F004C4217 /* 2.png */ = {isa = PBXFileReference; lastKnownFileType = image.png; path = 2.png; sourceTree = "<group>"; };
		917E7AC3188F1D4F004C4217 /* 1.png */ = {isa = PBXFileReference; lastKnownFileType = image.png; path = 1.png; sourceTree = "<group>"; };
		AB49BD8F188F991600795F1D /* level2.plist */ = {isa = PBXFileReference; fileEncoding = 4; lastKnownFileType = text.plist.xml; path = level2.plist; sourceTree = "<group>"; };
		AB49BD91188F9F3D00795F1D /* level4.plist */ = {isa = PBXFileReference; fileEncoding = 4; lastKnownFileType = text.plist.xml; path = level4.plist; sourceTree = "<group>"; };
		AB7821C4188A5515008F51B8 /* PauseScene.h */ = {isa = PBXFileReference; fileEncoding = 4; lastKnownFileType = sourcecode.c.h; path = PauseScene.h; sourceTree = "<group>"; };
		AB7821C5188A5515008F51B8 /* PauseScene.mm */ = {isa = PBXFileReference; fileEncoding = 4; lastKnownFileType = sourcecode.cpp.objcpp; path = PauseScene.mm; sourceTree = "<group>"; };
		AB7821C7188A56A7008F51B8 /* pause.png */ = {isa = PBXFileReference; lastKnownFileType = image.png; path = pause.png; sourceTree = "<group>"; };
		AB9828BE18907A010029FFEC /* apple.png */ = {isa = PBXFileReference; lastKnownFileType = image.png; path = apple.png; sourceTree = "<group>"; };
		AB9BA6421890672E00D66681 /* apple_big.png */ = {isa = PBXFileReference; lastKnownFileType = image.png; path = apple_big.png; sourceTree = "<group>"; };
		AB9BA6431890672E00D66681 /* apple_level.png */ = {isa = PBXFileReference; lastKnownFileType = image.png; path = apple_level.png; sourceTree = "<group>"; };
		AB9E13811889CA4B001F6EA8 /* rock.png */ = {isa = PBXFileReference; lastKnownFileType = image.png; path = rock.png; sourceTree = "<group>"; };
		AB9E13831889CF26001F6EA8 /* level5.plist */ = {isa = PBXFileReference; fileEncoding = 4; lastKnownFileType = text.plist.xml; path = level5.plist; sourceTree = "<group>"; };
		AB9E2D011888D5B600F99EAB /* MyContactListener.h */ = {isa = PBXFileReference; fileEncoding = 4; lastKnownFileType = sourcecode.c.h; path = MyContactListener.h; sourceTree = "<group>"; };
		AB9E2D021888D5B600F99EAB /* MyContactListener.mm */ = {isa = PBXFileReference; fileEncoding = 4; lastKnownFileType = sourcecode.cpp.objcpp; path = MyContactListener.mm; sourceTree = "<group>"; };
		AB9E5972188B261100B7D315 /* level_select_button@2x.png */ = {isa = PBXFileReference; lastKnownFileType = image.png; path = "level_select_button@2x.png"; sourceTree = "<group>"; };
		AB9E5974188B261100B7D315 /* main_menu_button@2x.png */ = {isa = PBXFileReference; lastKnownFileType = image.png; path = "main_menu_button@2x.png"; sourceTree = "<group>"; };
		AB9E5975188B261100B7D315 /* main_menu_button2@2x.png */ = {isa = PBXFileReference; lastKnownFileType = image.png; path = "main_menu_button2@2x.png"; sourceTree = "<group>"; };
		AB9E5976188B261100B7D315 /* restart_button@2x.png */ = {isa = PBXFileReference; lastKnownFileType = image.png; path = "restart_button@2x.png"; sourceTree = "<group>"; };
		AB9E5977188B261100B7D315 /* restart_button2@2x.png */ = {isa = PBXFileReference; lastKnownFileType = image.png; path = "restart_button2@2x.png"; sourceTree = "<group>"; };
		AB9E5978188B261100B7D315 /* resume_button@2x.png */ = {isa = PBXFileReference; lastKnownFileType = image.png; path = "resume_button@2x.png"; sourceTree = "<group>"; };
		AB9E5979188B261100B7D315 /* resume_button2@2x.png */ = {isa = PBXFileReference; lastKnownFileType = image.png; path = "resume_button2@2x.png"; sourceTree = "<group>"; };
		AB9E5982188B371B00B7D315 /* level_select_button2@2x.png */ = {isa = PBXFileReference; lastKnownFileType = image.png; path = "level_select_button2@2x.png"; sourceTree = "<group>"; };
		AB9FBB7F188B190000992502 /* level_select_button.png */ = {isa = PBXFileReference; lastKnownFileType = image.png; path = level_select_button.png; sourceTree = "<group>"; };
		AB9FBB80188B190000992502 /* level_select_button2.png */ = {isa = PBXFileReference; lastKnownFileType = image.png; path = level_select_button2.png; sourceTree = "<group>"; };
		AB9FBB81188B190000992502 /* main_menu_button.png */ = {isa = PBXFileReference; lastKnownFileType = image.png; path = main_menu_button.png; sourceTree = "<group>"; };
		AB9FBB82188B190000992502 /* main_menu_button2.png */ = {isa = PBXFileReference; lastKnownFileType = image.png; path = main_menu_button2.png; sourceTree = "<group>"; };
		AB9FBB83188B190000992502 /* restart_button.png */ = {isa = PBXFileReference; lastKnownFileType = image.png; path = restart_button.png; sourceTree = "<group>"; };
		AB9FBB84188B190000992502 /* restart_button2.png */ = {isa = PBXFileReference; lastKnownFileType = image.png; path = restart_button2.png; sourceTree = "<group>"; };
		AB9FBB85188B190000992502 /* resume_button.png */ = {isa = PBXFileReference; lastKnownFileType = image.png; path = resume_button.png; sourceTree = "<group>"; };
		AB9FBB86188B190000992502 /* resume_button2.png */ = {isa = PBXFileReference; lastKnownFileType = image.png; path = resume_button2.png; sourceTree = "<group>"; };
		ABA18ADC18903B3800B05B35 /* NextLevelScene.h */ = {isa = PBXFileReference; fileEncoding = 4; lastKnownFileType = sourcecode.c.h; path = NextLevelScene.h; sourceTree = "<group>"; };
		ABA18ADD18903B3800B05B35 /* NextLevelScene.mm */ = {isa = PBXFileReference; fileEncoding = 4; lastKnownFileType = sourcecode.cpp.objcpp; path = NextLevelScene.mm; sourceTree = "<group>"; };
		ABA2151B18862C0E0011BE0B /* gameBackground.png */ = {isa = PBXFileReference; lastKnownFileType = image.png; path = gameBackground.png; sourceTree = "<group>"; };
		ABB719CD18871CCA004D2FCA /* Fluffy.h */ = {isa = PBXFileReference; fileEncoding = 4; lastKnownFileType = sourcecode.c.h; path = Fluffy.h; sourceTree = "<group>"; };
		ABB719CE18871CCA004D2FCA /* Fluffy.m */ = {isa = PBXFileReference; fileEncoding = 4; lastKnownFileType = sourcecode.c.objc; path = Fluffy.m; sourceTree = "<group>"; };
		ABB719D018872333004D2FCA /* cannon2.png */ = {isa = PBXFileReference; lastKnownFileType = image.png; path = cannon2.png; sourceTree = "<group>"; };
		ABB719D218872546004D2FCA /* level1.plist */ = {isa = PBXFileReference; fileEncoding = 4; lastKnownFileType = text.plist.xml; path = level1.plist; sourceTree = "<group>"; };
		ABB719D418872D0A004D2FCA /* level3.plist */ = {isa = PBXFileReference; fileEncoding = 4; lastKnownFileType = text.plist.xml; path = level3.plist; sourceTree = "<group>"; };
		ABB719D818873FBF004D2FCA /* Obstacle.h */ = {isa = PBXFileReference; fileEncoding = 4; lastKnownFileType = sourcecode.c.h; path = Obstacle.h; sourceTree = "<group>"; };
		ABB719D918873FBF004D2FCA /* Obstacle.m */ = {isa = PBXFileReference; fileEncoding = 4; lastKnownFileType = sourcecode.c.objc; path = Obstacle.m; sourceTree = "<group>"; };
		ABB719DB188744B9004D2FCA /* Fruit.h */ = {isa = PBXFileReference; fileEncoding = 4; lastKnownFileType = sourcecode.c.h; path = Fruit.h; sourceTree = "<group>"; };
		ABB719DC188744B9004D2FCA /* Fruit.m */ = {isa = PBXFileReference; fileEncoding = 4; lastKnownFileType = sourcecode.c.objc; path = Fruit.m; sourceTree = "<group>"; };
		ABB719DE1887565E004D2FCA /* banana-hd.png */ = {isa = PBXFileReference; lastKnownFileType = image.png; path = "banana-hd.png"; sourceTree = "<group>"; };
		ABB719DF1887565E004D2FCA /* banana.png */ = {isa = PBXFileReference; lastKnownFileType = image.png; path = banana.png; sourceTree = "<group>"; };
		ABB719E21887566E004D2FCA /* grapes-hd.png */ = {isa = PBXFileReference; lastKnownFileType = image.png; path = "grapes-hd.png"; sourceTree = "<group>"; };
		ABB719E31887566E004D2FCA /* grapes.png */ = {isa = PBXFileReference; lastKnownFileType = image.png; path = grapes.png; sourceTree = "<group>"; };
		ABB719E61887567B004D2FCA /* pineapple-hd.png */ = {isa = PBXFileReference; lastKnownFileType = image.png; path = "pineapple-hd.png"; sourceTree = "<group>"; };
		ABB719E71887567B004D2FCA /* pineapple.png */ = {isa = PBXFileReference; lastKnownFileType = image.png; path = pineapple.png; sourceTree = "<group>"; };
		ABB719EA18875684004D2FCA /* strawberry-hd.png */ = {isa = PBXFileReference; lastKnownFileType = image.png; path = "strawberry-hd.png"; sourceTree = "<group>"; };
		ABB719EB18875684004D2FCA /* strawberry.png */ = {isa = PBXFileReference; lastKnownFileType = image.png; path = strawberry.png; sourceTree = "<group>"; };
		ABB719EE1887568D004D2FCA /* watermelon-hd.png */ = {isa = PBXFileReference; lastKnownFileType = image.png; path = "watermelon-hd.png"; sourceTree = "<group>"; };
		ABB719EF1887568D004D2FCA /* watermelon.png */ = {isa = PBXFileReference; lastKnownFileType = image.png; path = watermelon.png; sourceTree = "<group>"; };
		BF196CF3188DDD74008CB197 /* fluffyframes.plist */ = {isa = PBXFileReference; fileEncoding = 4; lastKnownFileType = text.plist.xml; name = fluffyframes.plist; path = fluffysprites/fluffyframes.plist; sourceTree = "<group>"; };
		BF196CF4188DDD74008CB197 /* fluffyframes.png */ = {isa = PBXFileReference; lastKnownFileType = image.png; name = fluffyframes.png; path = fluffysprites/fluffyframes.png; sourceTree = "<group>"; };
		BF196CF7188DDD7D008CB197 /* fluffy1.png */ = {isa = PBXFileReference; lastKnownFileType = image.png; name = fluffy1.png; path = fluffysprites/fluffy1.png; sourceTree = "<group>"; };
		BF196CF9188EF27D008CB197 /* cage.png */ = {isa = PBXFileReference; lastKnownFileType = image.png; path = cage.png; sourceTree = "<group>"; };
		BF196CFD188EFCAC008CB197 /* ok1.png */ = {isa = PBXFileReference; lastKnownFileType = image.png; path = ok1.png; sourceTree = "<group>"; };
		BF196CFE188EFCAC008CB197 /* ok2.png */ = {isa = PBXFileReference; lastKnownFileType = image.png; path = ok2.png; sourceTree = "<group>"; };
		BF196CFF188EFCAC008CB197 /* ok3.png */ = {isa = PBXFileReference; lastKnownFileType = image.png; path = ok3.png; sourceTree = "<group>"; };
		BF196D05188F1CE9008CB197 /* snore1.png */ = {isa = PBXFileReference; lastKnownFileType = image.png; name = snore1.png; path = asnore/snore1.png; sourceTree = "<group>"; };
		BF196D0F188F1EE9008CB197 /* snoringframes.plist */ = {isa = PBXFileReference; fileEncoding = 4; lastKnownFileType = text.plist.xml; name = snoringframes.plist; path = bsnore/snoringframes.plist; sourceTree = "<group>"; };
		BF196D10188F1EE9008CB197 /* snoringframes.png */ = {isa = PBXFileReference; lastKnownFileType = image.png; name = snoringframes.png; path = bsnore/snoringframes.png; sourceTree = "<group>"; };
		BF196D1D188F8696008CB197 /* tutorial1.png */ = {isa = PBXFileReference; lastKnownFileType = image.png; path = tutorial1.png; sourceTree = "<group>"; };
		BF196D1E188F8696008CB197 /* tutorial2.png */ = {isa = PBXFileReference; lastKnownFileType = image.png; path = tutorial2.png; sourceTree = "<group>"; };
		BF196D1F188F8696008CB197 /* tutorial3.png */ = {isa = PBXFileReference; lastKnownFileType = image.png; path = tutorial3.png; sourceTree = "<group>"; };
		BF196D2318905AFA008CB197 /* derpymathlayer.h */ = {isa = PBXFileReference; fileEncoding = 4; lastKnownFileType = sourcecode.c.h; path = derpymathlayer.h; sourceTree = "<group>"; };
		BF196D2418905AFA008CB197 /* derpymathlayer.mm */ = {isa = PBXFileReference; fileEncoding = 4; lastKnownFileType = sourcecode.cpp.objcpp; path = derpymathlayer.mm; sourceTree = "<group>"; };
		BF22E3D4188472C9007E26DF /* hungryEevee.png */ = {isa = PBXFileReference; lastKnownFileType = image.png; path = hungryEevee.png; sourceTree = "<group>"; };
		BF22E3D81884785D007E26DF /* hungryEeveeMouth.png */ = {isa = PBXFileReference; lastKnownFileType = image.png; path = hungryEeveeMouth.png; sourceTree = "<group>"; };
		BF30E0051888DDB1000773E5 /* cannon-body.png */ = {isa = PBXFileReference; lastKnownFileType = image.png; path = "cannon-body.png"; sourceTree = "<group>"; };
		BF30E0061888DDB1000773E5 /* cannon-head.png */ = {isa = PBXFileReference; lastKnownFileType = image.png; path = "cannon-head.png"; sourceTree = "<group>"; };
		BF39176B18879F5C00EF99E6 /* projectile2.png */ = {isa = PBXFileReference; lastKnownFileType = image.png; path = projectile2.png; sourceTree = "<group>"; };
		BF39176D1887A20400EF99E6 /* bullet.png */ = {isa = PBXFileReference; lastKnownFileType = image.png; path = bullet.png; sourceTree = "<group>"; };
		BF4E9606188A1FD10000B4FE /* cannonx.png */ = {isa = PBXFileReference; lastKnownFileType = image.png; path = cannonx.png; sourceTree = "<group>"; };
		BF4E9608188A23760000B4FE /* cannonheadx.png */ = {isa = PBXFileReference; lastKnownFileType = image.png; path = cannonheadx.png; sourceTree = "<group>"; };
		BF4E960A188A26F30000B4FE /* dialog2.png */ = {isa = PBXFileReference; lastKnownFileType = image.png; path = dialog2.png; sourceTree = "<group>"; };
		BF4E960C188A367E0000B4FE /* dialog1.png */ = {isa = PBXFileReference; lastKnownFileType = image.png; path = dialog1.png; sourceTree = "<group>"; };
		BF4E960D188A367E0000B4FE /* dialog3.png */ = {isa = PBXFileReference; lastKnownFileType = image.png; path = dialog3.png; sourceTree = "<group>"; };
		BF63D6EB1884ADF600F3D3F3 /* menuBackground.png */ = {isa = PBXFileReference; lastKnownFileType = image.png; path = menuBackground.png; sourceTree = "<group>"; };
		BF63D6ED1884AFAC00F3D3F3 /* play.png */ = {isa = PBXFileReference; lastKnownFileType = image.png; path = play.png; sourceTree = "<group>"; };
		BFB4259518862C92002DD826 /* LevelSelectLayer.h */ = {isa = PBXFileReference; fileEncoding = 4; lastKnownFileType = sourcecode.c.h; path = LevelSelectLayer.h; sourceTree = "<group>"; };
		BFB4259618862C92002DD826 /* LevelSelectLayer.mm */ = {isa = PBXFileReference; fileEncoding = 4; lastKnownFileType = sourcecode.cpp.objcpp; path = LevelSelectLayer.mm; sourceTree = "<group>"; };
		BFB4259818862CF2002DD826 /* gameBackground.png */ = {isa = PBXFileReference; lastKnownFileType = image.png; path = gameBackground.png; sourceTree = "<group>"; };
		BFB4259A18862CFA002DD826 /* tutorials.png */ = {isa = PBXFileReference; lastKnownFileType = image.png; path = tutorials.png; sourceTree = "<group>"; };
		BFB4259F18862DDE002DD826 /* StartMenuLayer.h */ = {isa = PBXFileReference; fileEncoding = 4; lastKnownFileType = sourcecode.c.h; path = StartMenuLayer.h; sourceTree = "<group>"; };
		BFB425A018862DDE002DD826 /* StartMenuLayer.mm */ = {isa = PBXFileReference; fileEncoding = 4; lastKnownFileType = sourcecode.cpp.objcpp; path = StartMenuLayer.mm; sourceTree = "<group>"; };
		BFB425A218865A9C002DD826 /* OopsDNE.h */ = {isa = PBXFileReference; fileEncoding = 4; lastKnownFileType = sourcecode.c.h; path = OopsDNE.h; sourceTree = "<group>"; };
		BFB425A318865A9C002DD826 /* OopsDNE.mm */ = {isa = PBXFileReference; fileEncoding = 4; lastKnownFileType = sourcecode.cpp.objcpp; path = OopsDNE.mm; sourceTree = "<group>"; };
		BFB425A518865B93002DD826 /* Easy.png */ = {isa = PBXFileReference; lastKnownFileType = image.png; path = Easy.png; sourceTree = "<group>"; };
		BFB425A718865B99002DD826 /* OopsDNE.png */ = {isa = PBXFileReference; lastKnownFileType = image.png; path = OopsDNE.png; sourceTree = "<group>"; };
		BFB425A91886600F002DD826 /* levelSelectBackground.png */ = {isa = PBXFileReference; lastKnownFileType = image.png; path = levelSelectBackground.png; sourceTree = "<group>"; };
		BFB425AB1886FB5D002DD826 /* goLeft.png */ = {isa = PBXFileReference; lastKnownFileType = image.png; path = goLeft.png; sourceTree = "<group>"; };
		BFB425AC1886FB5D002DD826 /* goRight.png */ = {isa = PBXFileReference; lastKnownFileType = image.png; path = goRight.png; sourceTree = "<group>"; };
		BFB425AF188702D4002DD826 /* level1.png */ = {isa = PBXFileReference; lastKnownFileType = image.png; path = level1.png; sourceTree = "<group>"; };
		BFB425B0188702D4002DD826 /* level2.png */ = {isa = PBXFileReference; lastKnownFileType = image.png; path = level2.png; sourceTree = "<group>"; };
		BFB425B318870FD7002DD826 /* cannon2.png */ = {isa = PBXFileReference; lastKnownFileType = image.png; path = cannon2.png; sourceTree = "<group>"; };
		BFB425B518872304002DD826 /* Achievements.png */ = {isa = PBXFileReference; lastKnownFileType = image.png; path = Achievements.png; sourceTree = "<group>"; };
		BFB425B7188727AA002DD826 /* Bonus.png */ = {isa = PBXFileReference; lastKnownFileType = image.png; path = Bonus.png; sourceTree = "<group>"; };
		BFB425B9188783EB002DD826 /* gameBar.png */ = {isa = PBXFileReference; lastKnownFileType = image.png; path = gameBar.png; sourceTree = "<group>"; };
		BFC2DCE31885FE3200A1D673 /* comments */ = {isa = PBXFileReference; fileEncoding = 4; lastKnownFileType = text; path = comments; sourceTree = "<group>"; };
		BFC2DCE7188609E900A1D673 /* apple2.png */ = {isa = PBXFileReference; lastKnownFileType = image.png; path = apple2.png; sourceTree = "<group>"; };
		DC193EB213B6872600500B56 /* GLES-Render.h */ = {isa = PBXFileReference; fileEncoding = 4; lastKnownFileType = sourcecode.c.h; path = "GLES-Render.h"; sourceTree = "<group>"; };
		DC193EB313B6872600500B56 /* GLES-Render.mm */ = {isa = PBXFileReference; fileEncoding = 4; lastKnownFileType = sourcecode.cpp.objcpp; path = "GLES-Render.mm"; sourceTree = "<group>"; };
		DC193EBA13B6956F00500B56 /* ContactListener.h */ = {isa = PBXFileReference; fileEncoding = 4; lastKnownFileType = sourcecode.c.h; path = ContactListener.h; sourceTree = "<group>"; };
		DC193EBB13B6956F00500B56 /* ContactListener.mm */ = {isa = PBXFileReference; fileEncoding = 4; lastKnownFileType = sourcecode.cpp.objcpp; path = ContactListener.mm; sourceTree = "<group>"; };
		DC193EBF13B6969B00500B56 /* Author&License.txt */ = {isa = PBXFileReference; fileEncoding = 4; lastKnownFileType = text; path = "Author&License.txt"; sourceTree = "<group>"; };
		DC193EC013B6969B00500B56 /* dg_grounds32.png */ = {isa = PBXFileReference; lastKnownFileType = image.png; path = dg_grounds32.png; sourceTree = "<group>"; };
		DC26D6BD14B9E4D500B6002E /* fps_images-hd.png */ = {isa = PBXFileReference; lastKnownFileType = image.png; path = "fps_images-hd.png"; sourceTree = "<group>"; };
		DC2721B0160CB01100D88944 /* Default-568h@2x.png */ = {isa = PBXFileReference; lastKnownFileType = image.png; path = "Default-568h@2x.png"; sourceTree = "<group>"; };
		DC2A3EC2149A30B400EF78B0 /* Box2DDebugLayer.h */ = {isa = PBXFileReference; fileEncoding = 4; lastKnownFileType = sourcecode.c.h; path = Box2DDebugLayer.h; sourceTree = "<group>"; };
		DC2A3EC3149A30B400EF78B0 /* Box2DDebugLayer.mm */ = {isa = PBXFileReference; fileEncoding = 4; lastKnownFileType = sourcecode.cpp.objcpp; path = Box2DDebugLayer.mm; sourceTree = "<group>"; };
		DC3BE97813B4FB71003739CC /* BuildSettings-iOS.xcconfig */ = {isa = PBXFileReference; lastKnownFileType = text.xcconfig; path = "BuildSettings-iOS.xcconfig"; sourceTree = "<group>"; };
		DC485B0D13AA0E5600F2BC70 /* libchipmunk-mac.a */ = {isa = PBXFileReference; explicitFileType = archive.ar; path = "libchipmunk-mac.a"; sourceTree = BUILT_PRODUCTS_DIR; };
		DC485B1613AA0EBB00F2BC70 /* libbox2d-mac.a */ = {isa = PBXFileReference; explicitFileType = archive.ar; path = "libbox2d-mac.a"; sourceTree = BUILT_PRODUCTS_DIR; };
		DC485B4513AA18A600F2BC70 /* libcocosdenshion-mac.a */ = {isa = PBXFileReference; explicitFileType = archive.ar; path = "libcocosdenshion-mac.a"; sourceTree = BUILT_PRODUCTS_DIR; };
		DC65615013A969B600A7AC53 /* libbox2d-ios.a */ = {isa = PBXFileReference; explicitFileType = archive.ar; path = "libbox2d-ios.a"; sourceTree = BUILT_PRODUCTS_DIR; };
		DC65615113A969B600A7AC53 /* libchipmunk-ios.a */ = {isa = PBXFileReference; explicitFileType = archive.ar; path = "libchipmunk-ios.a"; sourceTree = BUILT_PRODUCTS_DIR; };
		DC65615213A969B600A7AC53 /* libchipmunk-spacemanager-ios.a */ = {isa = PBXFileReference; explicitFileType = archive.ar; path = "libchipmunk-spacemanager-ios.a"; sourceTree = BUILT_PRODUCTS_DIR; };
		DC65615413A969B600A7AC53 /* libcocos2d-extensions-ios.a */ = {isa = PBXFileReference; explicitFileType = archive.ar; path = "libcocos2d-extensions-ios.a"; sourceTree = BUILT_PRODUCTS_DIR; };
		DC65615513A969B600A7AC53 /* libcocos2d-ios.a */ = {isa = PBXFileReference; explicitFileType = archive.ar; path = "libcocos2d-ios.a"; sourceTree = BUILT_PRODUCTS_DIR; };
		DC65615613A969B600A7AC53 /* libcocos3d-ios.a */ = {isa = PBXFileReference; explicitFileType = archive.ar; path = "libcocos3d-ios.a"; sourceTree = BUILT_PRODUCTS_DIR; };
		DC65615713A969B600A7AC53 /* libcocosdenshion-ios.a */ = {isa = PBXFileReference; explicitFileType = archive.ar; path = "libcocosdenshion-ios.a"; sourceTree = BUILT_PRODUCTS_DIR; };
		DC65615813A969B600A7AC53 /* libkobold2d-ios.a */ = {isa = PBXFileReference; explicitFileType = archive.ar; path = "libkobold2d-ios.a"; sourceTree = BUILT_PRODUCTS_DIR; };
		DC65615913A969B600A7AC53 /* libobjectal-ios.a */ = {isa = PBXFileReference; explicitFileType = archive.ar; path = "libobjectal-ios.a"; sourceTree = BUILT_PRODUCTS_DIR; };
		DC65615A13A969B600A7AC53 /* libsneakyinput-ios.a */ = {isa = PBXFileReference; explicitFileType = archive.ar; path = "libsneakyinput-ios.a"; sourceTree = BUILT_PRODUCTS_DIR; };
		DC65617C15114BC500E59F8A /* fps_images-ipadhd.png */ = {isa = PBXFileReference; lastKnownFileType = image.png; path = "fps_images-ipadhd.png"; sourceTree = "<group>"; };
		DC979E3D13B35F8800656CB9 /* libcocos2d-extensions-mac.a */ = {isa = PBXFileReference; explicitFileType = archive.ar; path = "libcocos2d-extensions-mac.a"; sourceTree = BUILT_PRODUCTS_DIR; };
		DC979E5913B3607E00656CB9 /* libchipmunk-spacemanager-mac.a */ = {isa = PBXFileReference; explicitFileType = archive.ar; path = "libchipmunk-spacemanager-mac.a"; sourceTree = BUILT_PRODUCTS_DIR; };
		DC9C33E713B5024400931BF2 /* BuildSettings-Debug-Mac.xcconfig */ = {isa = PBXFileReference; lastKnownFileType = text.xcconfig; path = "BuildSettings-Debug-Mac.xcconfig"; sourceTree = "<group>"; };
		DC9C33E813B5024400931BF2 /* BuildSettings-Mac.xcconfig */ = {isa = PBXFileReference; lastKnownFileType = text.xcconfig; path = "BuildSettings-Mac.xcconfig"; sourceTree = "<group>"; };
		DC9C33E913B5024400931BF2 /* BuildSettings-Release-Mac.xcconfig */ = {isa = PBXFileReference; lastKnownFileType = text.xcconfig; path = "BuildSettings-Release-Mac.xcconfig"; sourceTree = "<group>"; };
		DCC1A0E313A94ED5005BD75D /* TheRealFluffy-iOS.app */ = {isa = PBXFileReference; explicitFileType = wrapper.application; includeInIndex = 0; path = "TheRealFluffy-iOS.app"; sourceTree = BUILT_PRODUCTS_DIR; };
		DCC1A0F913A94ED5005BD75D /* Default.png */ = {isa = PBXFileReference; lastKnownFileType = image.png; path = Default.png; sourceTree = "<group>"; };
		DCC1A0FB13A94ED5005BD75D /* fps_images.png */ = {isa = PBXFileReference; lastKnownFileType = image.png; path = fps_images.png; sourceTree = "<group>"; };
		DCC1A0FD13A94ED5005BD75D /* Icon-72.png */ = {isa = PBXFileReference; lastKnownFileType = image.png; path = "Icon-72.png"; sourceTree = "<group>"; };
		DCC1A0FF13A94ED5005BD75D /* Icon-Small-50.png */ = {isa = PBXFileReference; lastKnownFileType = image.png; path = "Icon-Small-50.png"; sourceTree = "<group>"; };
		DCC1A10113A94ED5005BD75D /* Icon-Small.png */ = {isa = PBXFileReference; lastKnownFileType = image.png; path = "Icon-Small.png"; sourceTree = "<group>"; };
		DCC1A10313A94ED5005BD75D /* Icon-Small@2x.png */ = {isa = PBXFileReference; lastKnownFileType = image.png; path = "Icon-Small@2x.png"; sourceTree = "<group>"; };
		DCC1A10513A94ED5005BD75D /* Icon.png */ = {isa = PBXFileReference; lastKnownFileType = image.png; path = Icon.png; sourceTree = "<group>"; };
		DCC1A10713A94ED5005BD75D /* Icon@2x.png */ = {isa = PBXFileReference; lastKnownFileType = image.png; path = "Icon@2x.png"; sourceTree = "<group>"; };
		DCC1A10913A94ED5005BD75D /* Info.plist */ = {isa = PBXFileReference; lastKnownFileType = text.plist.xml; path = Info.plist; sourceTree = "<group>"; };
		DCC1A10A13A94ED5005BD75D /* iTunesArtwork */ = {isa = PBXFileReference; lastKnownFileType = file; path = iTunesArtwork; sourceTree = "<group>"; };
		DCC1A25A13A94EE6005BD75D /* TheRealFluffy-Mac.app */ = {isa = PBXFileReference; explicitFileType = wrapper.application; includeInIndex = 0; path = "TheRealFluffy-Mac.app"; sourceTree = BUILT_PRODUCTS_DIR; };
		DCC1A26813A94EE6005BD75D /* English */ = {isa = PBXFileReference; lastKnownFileType = text.plist.strings; name = English; path = Resources/English.lproj/InfoPlist.strings; sourceTree = "<group>"; };
		DCC1A26B13A94EE6005BD75D /* English */ = {isa = PBXFileReference; lastKnownFileType = file.xib; name = English; path = Resources/English.lproj/MainMenu.xib; sourceTree = "<group>"; };
		DCC1A26D13A94EE6005BD75D /* fps_images.png */ = {isa = PBXFileReference; lastKnownFileType = image.png; name = fps_images.png; path = Resources/fps_images.png; sourceTree = "<group>"; };
		DCC1A26F13A94EE6005BD75D /* icon.icns */ = {isa = PBXFileReference; lastKnownFileType = image.icns; name = icon.icns; path = Resources/icon.icns; sourceTree = "<group>"; };
		DCC1A27113A94EE6005BD75D /* Info.plist */ = {isa = PBXFileReference; lastKnownFileType = text.plist.xml; name = Info.plist; path = Resources/Info.plist; sourceTree = "<group>"; };
		DCC1A38D13A94F1A005BD75D /* AppDelegate.h */ = {isa = PBXFileReference; fileEncoding = 4; lastKnownFileType = sourcecode.c.h; path = AppDelegate.h; sourceTree = "<group>"; };
		DCC1A38E13A94F1A005BD75D /* AppDelegate.m */ = {isa = PBXFileReference; fileEncoding = 4; lastKnownFileType = sourcecode.c.objc; path = AppDelegate.m; sourceTree = "<group>"; };
		DCC1A38F13A94F1A005BD75D /* PhysicsLayer.h */ = {isa = PBXFileReference; fileEncoding = 4; lastKnownFileType = sourcecode.c.h; path = PhysicsLayer.h; sourceTree = "<group>"; };
		DCC1A39013A94F1A005BD75D /* PhysicsLayer.mm */ = {isa = PBXFileReference; fileEncoding = 4; lastKnownFileType = sourcecode.cpp.objcpp; path = PhysicsLayer.mm; sourceTree = "<group>"; };
		DCC1A39113A94F1A005BD75D /* main.m */ = {isa = PBXFileReference; fileEncoding = 4; lastKnownFileType = sourcecode.c.objc; path = main.m; sourceTree = "<group>"; };
		DCC1A39213A94F1A005BD75D /* Prefix-iOS.pch */ = {isa = PBXFileReference; fileEncoding = 4; lastKnownFileType = sourcecode.c.h; path = "Prefix-iOS.pch"; sourceTree = "<group>"; };
		DCC1A39313A94F1A005BD75D /* Prefix-Mac.pch */ = {isa = PBXFileReference; fileEncoding = 4; lastKnownFileType = sourcecode.c.h; path = "Prefix-Mac.pch"; sourceTree = "<group>"; };
		DCC1A39513A94F1A005BD75D /* config.lua */ = {isa = PBXFileReference; explicitFileType = sourcecode.applescript; fileEncoding = 4; path = config.lua; sourceTree = "<group>"; };
		DCF95CC913A97EC500AE3B80 /* libcocos2d-mac.a */ = {isa = PBXFileReference; explicitFileType = archive.ar; path = "libcocos2d-mac.a"; sourceTree = BUILT_PRODUCTS_DIR; };
		DCF95CCB13A97EC500AE3B80 /* libkobold2d-mac.a */ = {isa = PBXFileReference; explicitFileType = archive.ar; path = "libkobold2d-mac.a"; sourceTree = BUILT_PRODUCTS_DIR; };
		DCFA90EF13B4F6F7009DD35A /* BuildSettings-Debug-iOS.xcconfig */ = {isa = PBXFileReference; lastKnownFileType = text.xcconfig; path = "BuildSettings-Debug-iOS.xcconfig"; sourceTree = "<group>"; };
		DCFA90F013B4F811009DD35A /* BuildSettings-Release-iOS.xcconfig */ = {isa = PBXFileReference; lastKnownFileType = text.xcconfig; path = "BuildSettings-Release-iOS.xcconfig"; sourceTree = "<group>"; };
/* End PBXFileReference section */

/* Begin PBXFrameworksBuildPhase section */
		DCC1A0E013A94ED5005BD75D /* Frameworks */ = {
			isa = PBXFrameworksBuildPhase;
			buildActionMask = 2147483647;
			files = (
				DC65615C13A969B600A7AC53 /* libbox2d-ios.a in Frameworks */,
				DC65615D13A969B600A7AC53 /* libchipmunk-ios.a in Frameworks */,
				DC65615E13A969B600A7AC53 /* libchipmunk-spacemanager-ios.a in Frameworks */,
				DC65616013A969B600A7AC53 /* libcocos2d-extensions-ios.a in Frameworks */,
				DC65616113A969B600A7AC53 /* libcocos2d-ios.a in Frameworks */,
				DC65616213A969B600A7AC53 /* libcocos3d-ios.a in Frameworks */,
				DC65616313A969B600A7AC53 /* libcocosdenshion-ios.a in Frameworks */,
				DC65616413A969B600A7AC53 /* libkobold2d-ios.a in Frameworks */,
				DC65616513A969B600A7AC53 /* libobjectal-ios.a in Frameworks */,
				DC65616613A969B600A7AC53 /* libsneakyinput-ios.a in Frameworks */,
			);
			runOnlyForDeploymentPostprocessing = 0;
		};
		DCC1A25713A94EE6005BD75D /* Frameworks */ = {
			isa = PBXFrameworksBuildPhase;
			buildActionMask = 2147483647;
			files = (
				DC979E5A13B3607E00656CB9 /* libchipmunk-spacemanager-mac.a in Frameworks */,
				DC979E3E13B35F8800656CB9 /* libcocos2d-extensions-mac.a in Frameworks */,
				DC485B4613AA18A600F2BC70 /* libcocosdenshion-mac.a in Frameworks */,
				DC485B1713AA0EBB00F2BC70 /* libbox2d-mac.a in Frameworks */,
				DC485B1113AA0E5600F2BC70 /* libchipmunk-mac.a in Frameworks */,
				DCF95CD213A97EC500AE3B80 /* libcocos2d-mac.a in Frameworks */,
				DCF95CD413A97EC500AE3B80 /* libkobold2d-mac.a in Frameworks */,
			);
			runOnlyForDeploymentPostprocessing = 0;
		};
/* End PBXFrameworksBuildPhase section */

/* Begin PBXGroup section */
		914BE9DC1889BDD70085E989 /* easyLevel images */ = {
			isa = PBXGroup;
			children = (
				917E7AC0188F1D4F004C4217 /* 4.png */,
				917E7AC1188F1D4F004C4217 /* 3.png */,
				917E7AC2188F1D4F004C4217 /* 2.png */,
				917E7AC3188F1D4F004C4217 /* 1.png */,
				914BE9DD1889BDF40085E989 /* bg.png */,
				914BE9DE1889BDF40085E989 /* bg@2x.png */,
				914BE9DF1889BDF40085E989 /* button.png */,
				BF4E960C188A367E0000B4FE /* dialog1.png */,
				BF4E960D188A367E0000B4FE /* dialog3.png */,
				914BE9E01889BDF40085E989 /* button@2x.png */,
				914BE9E11889BDF40085E989 /* lock.png */,
				914BE9E21889BDF40085E989 /* lock@2x.png */,
			);
			name = "easyLevel images";
			sourceTree = "<group>";
		};
		BF39176818878C9200EF99E6 /* backgrounds */ = {
			isa = PBXGroup;
			children = (
				BF63D6EB1884ADF600F3D3F3 /* menuBackground.png */,
				BFB425B9188783EB002DD826 /* gameBar.png */,
				ABA2151B18862C0E0011BE0B /* gameBackground.png */,
				BFB425A91886600F002DD826 /* levelSelectBackground.png */,
				BFB4259A18862CFA002DD826 /* tutorials.png */,
				BFB425AF188702D4002DD826 /* level1.png */,
				BFB425B0188702D4002DD826 /* level2.png */,
				BFB425A518865B93002DD826 /* Easy.png */,
				BFB425A718865B99002DD826 /* OopsDNE.png */,
				BFB4259818862CF2002DD826 /* gameBackground.png */,
			);
			name = backgrounds;
			sourceTree = "<group>";
		};
		BF39176918878CA400EF99E6 /* fruits */ = {
			isa = PBXGroup;
			children = (
				AB9BA6421890672E00D66681 /* apple_big.png */,
				AB9828BE18907A010029FFEC /* apple.png */,
				AB9BA6431890672E00D66681 /* apple_level.png */,
				BFC2DCE7188609E900A1D673 /* apple2.png */,
				ABB719DE1887565E004D2FCA /* banana-hd.png */,
				ABB719DF1887565E004D2FCA /* banana.png */,
				ABB719E21887566E004D2FCA /* grapes-hd.png */,
				ABB719E31887566E004D2FCA /* grapes.png */,
				ABB719E61887567B004D2FCA /* pineapple-hd.png */,
				ABB719E71887567B004D2FCA /* pineapple.png */,
				ABB719EA18875684004D2FCA /* strawberry-hd.png */,
				ABB719EB18875684004D2FCA /* strawberry.png */,
				ABB719EE1887568D004D2FCA /* watermelon-hd.png */,
				ABB719EF1887568D004D2FCA /* watermelon.png */,
			);
			name = fruits;
			sourceTree = "<group>";
		};
		BF39176A18878CE000EF99E6 /* additional buttons */ = {
			isa = PBXGroup;
			children = (
				914BE9D0188990390085E989 /* cannon-body2.png */,
				914BE9CC188969C70085E989 /* cannon-head-cropped.png */,
				BF30E0051888DDB1000773E5 /* cannon-body.png */,
				BF30E0061888DDB1000773E5 /* cannon-head.png */,
				911975B81888618F0070C1AE /* ButtonStar.png */,
				911975B91888618F0070C1AE /* ButtonStarSel.png */,
				BF63D6ED1884AFAC00F3D3F3 /* play.png */,
				BFB425B7188727AA002DD826 /* Bonus.png */,
				BFB425B518872304002DD826 /* Achievements.png */,
				BFB425AB1886FB5D002DD826 /* goLeft.png */,
				BFB425AC1886FB5D002DD826 /* goRight.png */,
				ABB719D018872333004D2FCA /* cannon2.png */,
				BFB425B318870FD7002DD826 /* cannon2.png */,
				BF39176D1887A20400EF99E6 /* bullet.png */,
				BF39176B18879F5C00EF99E6 /* projectile2.png */,
			);
			name = "additional buttons";
			sourceTree = "<group>";
		};
		DC193EBE13B6969B00500B56 /* David Gervais Tilesets */ = {
			isa = PBXGroup;
			children = (
				DC193EBF13B6969B00500B56 /* Author&License.txt */,
				DC193EC013B6969B00500B56 /* dg_grounds32.png */,
			);
			path = "David Gervais Tilesets";
			sourceTree = "<group>";
		};
		DCC1A0D613A94EC0005BD75D = {
			isa = PBXGroup;
			children = (
				DCC1A38C13A94F1A005BD75D /* Projectfiles */,
				DCC1A0F713A94ED5005BD75D /* Projectfiles-iOS */,
				DCC1A26413A94EE6005BD75D /* Projectfiles-Mac */,
				DCFA90ED13B4F6A0009DD35A /* BuildSettings */,
				DCC1A0E613A94ED5005BD75D /* Frameworks */,
				DCC1A0E413A94ED5005BD75D /* Products */,
			);
			sourceTree = "<group>";
		};
		DCC1A0E413A94ED5005BD75D /* Products */ = {
			isa = PBXGroup;
			children = (
				DCC1A0E313A94ED5005BD75D /* TheRealFluffy-iOS.app */,
				DCC1A25A13A94EE6005BD75D /* TheRealFluffy-Mac.app */,
			);
			name = Products;
			sourceTree = "<group>";
		};
		DCC1A0E613A94ED5005BD75D /* Frameworks */ = {
			isa = PBXGroup;
			children = (
			);
			name = Frameworks;
			sourceTree = "<group>";
		};
		DCC1A0F713A94ED5005BD75D /* Projectfiles-iOS */ = {
			isa = PBXGroup;
			children = (
				DCC1A0F813A94ED5005BD75D /* Resources */,
			);
			path = "Projectfiles-iOS";
			sourceTree = "<group>";
		};
		DCC1A0F813A94ED5005BD75D /* Resources */ = {
			isa = PBXGroup;
			children = (
				DC2721B0160CB01100D88944 /* Default-568h@2x.png */,
				DCC1A0F913A94ED5005BD75D /* Default.png */,
				DCC1A0FB13A94ED5005BD75D /* fps_images.png */,
				DC26D6BD14B9E4D500B6002E /* fps_images-hd.png */,
				DC65617C15114BC500E59F8A /* fps_images-ipadhd.png */,
				DCC1A0FD13A94ED5005BD75D /* Icon-72.png */,
				DCC1A0FF13A94ED5005BD75D /* Icon-Small-50.png */,
				DCC1A10113A94ED5005BD75D /* Icon-Small.png */,
				DCC1A10313A94ED5005BD75D /* Icon-Small@2x.png */,
				DCC1A10513A94ED5005BD75D /* Icon.png */,
				DCC1A10713A94ED5005BD75D /* Icon@2x.png */,
				DCC1A10913A94ED5005BD75D /* Info.plist */,
				DCC1A10A13A94ED5005BD75D /* iTunesArtwork */,
			);
			path = Resources;
			sourceTree = "<group>";
		};
		DCC1A26413A94EE6005BD75D /* Projectfiles-Mac */ = {
			isa = PBXGroup;
			children = (
				DCC1A26513A94EE6005BD75D /* Resources */,
			);
			path = "Projectfiles-Mac";
			sourceTree = "<group>";
		};
		DCC1A26513A94EE6005BD75D /* Resources */ = {
			isa = PBXGroup;
			children = (
				DCC1A26D13A94EE6005BD75D /* fps_images.png */,
				DCC1A26F13A94EE6005BD75D /* icon.icns */,
				DCC1A27113A94EE6005BD75D /* Info.plist */,
				DCC1A26613A94EE6005BD75D /* English.lproj */,
			);
			name = Resources;
			sourceTree = "<group>";
		};
		DCC1A26613A94EE6005BD75D /* English.lproj */ = {
			isa = PBXGroup;
			children = (
				DCC1A26713A94EE6005BD75D /* InfoPlist.strings */,
				DCC1A26A13A94EE6005BD75D /* MainMenu.xib */,
			);
			name = English.lproj;
			sourceTree = "<group>";
		};
		DCC1A38C13A94F1A005BD75D /* Projectfiles */ = {
			isa = PBXGroup;
			children = (
				914BE9D91889BC9F0085E989 /* EasyLevelLayer.h */,
				914BE9DA1889BC9F0085E989 /* EasyLevelLayer.mm */,
				BF196D2318905AFA008CB197 /* derpymathlayer.h */,
				BF196D2418905AFA008CB197 /* derpymathlayer.mm */,
				BFB4259F18862DDE002DD826 /* StartMenuLayer.h */,
				BFB425A018862DDE002DD826 /* StartMenuLayer.mm */,
				AB9E2D011888D5B600F99EAB /* MyContactListener.h */,
				AB9E2D021888D5B600F99EAB /* MyContactListener.mm */,
				BFB4259518862C92002DD826 /* LevelSelectLayer.h */,
				BFB4259618862C92002DD826 /* LevelSelectLayer.mm */,
				DCC1A38F13A94F1A005BD75D /* PhysicsLayer.h */,
				DCC1A39013A94F1A005BD75D /* PhysicsLayer.mm */,
				AB7821C4188A5515008F51B8 /* PauseScene.h */,
				AB7821C5188A5515008F51B8 /* PauseScene.mm */,
				ABA18ADC18903B3800B05B35 /* NextLevelScene.h */,
				ABA18ADD18903B3800B05B35 /* NextLevelScene.mm */,
				BFB425A218865A9C002DD826 /* OopsDNE.h */,
				BFB425A318865A9C002DD826 /* OopsDNE.mm */,
				ABB719CD18871CCA004D2FCA /* Fluffy.h */,
				ABB719CE18871CCA004D2FCA /* Fluffy.m */,
				ABB719DB188744B9004D2FCA /* Fruit.h */,
				ABB719DC188744B9004D2FCA /* Fruit.m */,
				DCC1A38D13A94F1A005BD75D /* AppDelegate.h */,
				DCC1A38E13A94F1A005BD75D /* AppDelegate.m */,
				912F81ED18839C0300838683 /* Box2D.h */,
				DC2A3EC2149A30B400EF78B0 /* Box2DDebugLayer.h */,
				DC2A3EC3149A30B400EF78B0 /* Box2DDebugLayer.mm */,
				DC193EBA13B6956F00500B56 /* ContactListener.h */,
				DC193EBB13B6956F00500B56 /* ContactListener.mm */,
				DC193EB213B6872600500B56 /* GLES-Render.h */,
				DC193EB313B6872600500B56 /* GLES-Render.mm */,
				ABB719D818873FBF004D2FCA /* Obstacle.h */,
				ABB719D918873FBF004D2FCA /* Obstacle.m */,
				BFC2DCE31885FE3200A1D673 /* comments */,
				DCC1A39413A94F1A005BD75D /* Resources */,
				DCC1A3CF13A94F2C005BD75D /* Supporting Files */,
			);
			path = Projectfiles;
			sourceTree = "<group>";
		};
		DCC1A39413A94F1A005BD75D /* Resources */ = {
			isa = PBXGroup;
			children = (
				BF196CF9188EF27D008CB197 /* cage.png */,
				BF196D05188F1CE9008CB197 /* snore1.png */,
				BF196D0F188F1EE9008CB197 /* snoringframes.plist */,
				BF196D10188F1EE9008CB197 /* snoringframes.png */,
				BF196CF3188DDD74008CB197 /* fluffyframes.plist */,
				BF196CF4188DDD74008CB197 /* fluffyframes.png */,
				BF196CF7188DDD7D008CB197 /* fluffy1.png */,
				AB9E5972188B261100B7D315 /* level_select_button@2x.png */,
				AB9E5974188B261100B7D315 /* main_menu_button@2x.png */,
				AB9E5975188B261100B7D315 /* main_menu_button2@2x.png */,
				AB9E5982188B371B00B7D315 /* level_select_button2@2x.png */,
				AB9E5976188B261100B7D315 /* restart_button@2x.png */,
				AB9E5977188B261100B7D315 /* restart_button2@2x.png */,
				AB9E5978188B261100B7D315 /* resume_button@2x.png */,
				AB9E5979188B261100B7D315 /* resume_button2@2x.png */,
				AB9FBB7F188B190000992502 /* level_select_button.png */,
				AB9FBB80188B190000992502 /* level_select_button2.png */,
				AB9FBB81188B190000992502 /* main_menu_button.png */,
				AB9FBB82188B190000992502 /* main_menu_button2.png */,
				AB9FBB83188B190000992502 /* restart_button.png */,
				AB9FBB84188B190000992502 /* restart_button2.png */,
				AB9FBB85188B190000992502 /* resume_button.png */,
				AB9FBB86188B190000992502 /* resume_button2.png */,
				BF196CFD188EFCAC008CB197 /* ok1.png */,
				BF196CFE188EFCAC008CB197 /* ok2.png */,
				BF196CFF188EFCAC008CB197 /* ok3.png */,
				AB7821C7188A56A7008F51B8 /* pause.png */,
				BF196D1D188F8696008CB197 /* tutorial1.png */,
				BF196D1E188F8696008CB197 /* tutorial2.png */,
				BF196D1F188F8696008CB197 /* tutorial3.png */,
				BF4E9606188A1FD10000B4FE /* cannonx.png */,
				BF4E960A188A26F30000B4FE /* dialog2.png */,
				BF4E9608188A23760000B4FE /* cannonheadx.png */,
				914BE9DC1889BDD70085E989 /* easyLevel images */,
				BF39176A18878CE000EF99E6 /* additional buttons */,
				BF39176918878CA400EF99E6 /* fruits */,
				BF39176818878C9200EF99E6 /* backgrounds */,
				ABB719D218872546004D2FCA /* level1.plist */,
				AB49BD8F188F991600795F1D /* level2.plist */,
				ABB719D418872D0A004D2FCA /* level3.plist */,
				AB49BD91188F9F3D00795F1D /* level4.plist */,
				AB9E13831889CF26001F6EA8 /* level5.plist */,
				AB9E13811889CA4B001F6EA8 /* rock.png */,
				BF22E3D81884785D007E26DF /* hungryEeveeMouth.png */,
				BF22E3D4188472C9007E26DF /* hungryEevee.png */,
				DC193EBE13B6969B00500B56 /* David Gervais Tilesets */,
				DCC1A39513A94F1A005BD75D /* config.lua */,
			);
			path = Resources;
			sourceTree = "<group>";
		};
		DCC1A3CF13A94F2C005BD75D /* Supporting Files */ = {
			isa = PBXGroup;
			children = (
				DCC1A39113A94F1A005BD75D /* main.m */,
				DCC1A39213A94F1A005BD75D /* Prefix-iOS.pch */,
				DCC1A39313A94F1A005BD75D /* Prefix-Mac.pch */,
			);
			name = "Supporting Files";
			sourceTree = "<group>";
		};
		DCFA90ED13B4F6A0009DD35A /* BuildSettings */ = {
			isa = PBXGroup;
			children = (
				DCFA90EF13B4F6F7009DD35A /* BuildSettings-Debug-iOS.xcconfig */,
				DCFA90F013B4F811009DD35A /* BuildSettings-Release-iOS.xcconfig */,
				DC3BE97813B4FB71003739CC /* BuildSettings-iOS.xcconfig */,
				DC9C33E713B5024400931BF2 /* BuildSettings-Debug-Mac.xcconfig */,
				DC9C33E913B5024400931BF2 /* BuildSettings-Release-Mac.xcconfig */,
				DC9C33E813B5024400931BF2 /* BuildSettings-Mac.xcconfig */,
			);
			path = BuildSettings;
			sourceTree = "<group>";
		};
/* End PBXGroup section */

/* Begin PBXNativeTarget section */
		DCC1A0E213A94ED5005BD75D /* TheRealFluffy-iOS */ = {
			isa = PBXNativeTarget;
			buildConfigurationList = DCC1A25313A94ED7005BD75D /* Build configuration list for PBXNativeTarget "TheRealFluffy-iOS" */;
			buildPhases = (
				DCC1A0DF13A94ED5005BD75D /* Sources */,
				DCC1A0E013A94ED5005BD75D /* Frameworks */,
				DCC1A0E113A94ED5005BD75D /* Resources */,
			);
			buildRules = (
			);
			dependencies = (
			);
			name = "TheRealFluffy-iOS";
			productName = "Hello-World-iOS";
			productReference = DCC1A0E313A94ED5005BD75D /* TheRealFluffy-iOS.app */;
			productType = "com.apple.product-type.application";
		};
		DCC1A25913A94EE6005BD75D /* TheRealFluffy-Mac */ = {
			isa = PBXNativeTarget;
			buildConfigurationList = DCC1A38913A94EE7005BD75D /* Build configuration list for PBXNativeTarget "TheRealFluffy-Mac" */;
			buildPhases = (
				DCC1A25613A94EE6005BD75D /* Sources */,
				DCC1A25713A94EE6005BD75D /* Frameworks */,
				DCC1A25813A94EE6005BD75D /* Resources */,
			);
			buildRules = (
			);
			dependencies = (
			);
			name = "TheRealFluffy-Mac";
			productName = "Hello-World-Mac";
			productReference = DCC1A25A13A94EE6005BD75D /* TheRealFluffy-Mac.app */;
			productType = "com.apple.product-type.application";
		};
/* End PBXNativeTarget section */

/* Begin PBXProject section */
		DCC1A0D813A94EC0005BD75D /* Project object */ = {
			isa = PBXProject;
			attributes = {
				LastUpgradeCheck = 0420;
				TargetAttributes = {
					DCC1A0E213A94ED5005BD75D = {
						DevelopmentTeam = GZNS8GQYRG;
					};
				};
			};
			buildConfigurationList = DCC1A0DB13A94EC0005BD75D /* Build configuration list for PBXProject "TheRealFluffy" */;
			compatibilityVersion = "Xcode 3.2";
			developmentRegion = English;
			hasScannedForEncodings = 0;
			knownRegions = (
				en,
				English,
			);
			mainGroup = DCC1A0D613A94EC0005BD75D;
			productRefGroup = DCC1A0E413A94ED5005BD75D /* Products */;
			projectDirPath = "";
			projectRoot = "";
			targets = (
				DCC1A0E213A94ED5005BD75D /* TheRealFluffy-iOS */,
				DCC1A25913A94EE6005BD75D /* TheRealFluffy-Mac */,
			);
		};
/* End PBXProject section */

/* Begin PBXResourcesBuildPhase section */
		DCC1A0E113A94ED5005BD75D /* Resources */ = {
			isa = PBXResourcesBuildPhase;
			buildActionMask = 2147483647;
			files = (
				BF4E960F188A367E0000B4FE /* dialog3.png in Resources */,
				DCC1A0FA13A94ED5005BD75D /* Default.png in Resources */,
				BF22E3D5188472C9007E26DF /* hungryEevee.png in Resources */,
				DCC1A0FC13A94ED5005BD75D /* fps_images.png in Resources */,
				BFB425AD1886FB5D002DD826 /* goLeft.png in Resources */,
				DCC1A0FE13A94ED5005BD75D /* Icon-72.png in Resources */,
				DCC1A10013A94ED5005BD75D /* Icon-Small-50.png in Resources */,
				DCC1A10213A94ED5005BD75D /* Icon-Small.png in Resources */,
				AB9E597F188B261100B7D315 /* restart_button2@2x.png in Resources */,
				BF30E0071888DDB1000773E5 /* cannon-body.png in Resources */,
				ABB719D318872546004D2FCA /* level1.plist in Resources */,
				BF196CFA188EF27D008CB197 /* cage.png in Resources */,
				AB49BD92188F9F3D00795F1D /* level4.plist in Resources */,
				BF196D21188F8696008CB197 /* tutorial2.png in Resources */,
				BF196D22188F8696008CB197 /* tutorial3.png in Resources */,
				ABB719D118872333004D2FCA /* cannon2.png in Resources */,
				BFB425B418870FD7002DD826 /* cannon2.png in Resources */,
				DCC1A10413A94ED5005BD75D /* Icon-Small@2x.png in Resources */,
				AB9FBB87188B190000992502 /* level_select_button.png in Resources */,
				DCC1A10613A94ED5005BD75D /* Icon.png in Resources */,
				DCC1A10813A94ED5005BD75D /* Icon@2x.png in Resources */,
				DCC1A10B13A94ED5005BD75D /* iTunesArtwork in Resources */,
				AB9E5980188B261100B7D315 /* resume_button@2x.png in Resources */,
				ABB719E91887567B004D2FCA /* pineapple.png in Resources */,
				BF196D06188F1CE9008CB197 /* snore1.png in Resources */,
				BF22E3D91884785D007E26DF /* hungryEeveeMouth.png in Resources */,
				BF196D12188F1EE9008CB197 /* snoringframes.png in Resources */,
				BF196CF8188DDD7D008CB197 /* fluffy1.png in Resources */,
				DCC1A3AF13A94F1A005BD75D /* config.lua in Resources */,
				BFB425B2188702D4002DD826 /* level2.png in Resources */,
				ABB719ED18875684004D2FCA /* strawberry.png in Resources */,
				ABB719E41887566E004D2FCA /* grapes-hd.png in Resources */,
				BF63D6EC1884ADF600F3D3F3 /* menuBackground.png in Resources */,
				DC193EC113B6969B00500B56 /* Author&License.txt in Resources */,
				DC193EC313B6969B00500B56 /* dg_grounds32.png in Resources */,
				BFC2DCE41885FE3200A1D673 /* comments in Resources */,
				AB9E5981188B261100B7D315 /* resume_button2@2x.png in Resources */,
				ABA2151C18862C0E0011BE0B /* gameBackground.png in Resources */,
				BFB4259918862CF2002DD826 /* gameBackground.png in Resources */,
				DC26D6BE14B9E4D500B6002E /* fps_images-hd.png in Resources */,
				DC65617D15114BC500E59F8A /* fps_images-ipadhd.png in Resources */,
				AB9FBB88188B190000992502 /* level_select_button2.png in Resources */,
				BF63D6EE1884AFAC00F3D3F3 /* play.png in Resources */,
				AB9FBB8D188B190000992502 /* resume_button.png in Resources */,
				DC2721B1160CB01100D88944 /* Default-568h@2x.png in Resources */,
				BF4E960E188A367E0000B4FE /* dialog1.png in Resources */,
				BFC2DCE8188609E900A1D673 /* apple2.png in Resources */,
				BF196D11188F1EE9008CB197 /* snoringframes.plist in Resources */,
				AB9E597C188B261100B7D315 /* main_menu_button@2x.png in Resources */,
				BF196CF5188DDD74008CB197 /* fluffyframes.plist in Resources */,
				AB9FBB8C188B190000992502 /* restart_button2.png in Resources */,
				BF196D02188EFCAC008CB197 /* ok3.png in Resources */,
				BFB425B618872304002DD826 /* Achievements.png in Resources */,
				BFB425BA188783EB002DD826 /* gameBar.png in Resources */,
				BFB425AA1886600F002DD826 /* levelSelectBackground.png in Resources */,
				ABB719D518872D0A004D2FCA /* level3.plist in Resources */,
				AB9FBB89188B190000992502 /* main_menu_button.png in Resources */,
				AB9BA6441890672E00D66681 /* apple_big.png in Resources */,
				BFB4259B18862CFA002DD826 /* tutorials.png in Resources */,
				BFB425A618865B93002DD826 /* Easy.png in Resources */,
				AB9E5983188B371B00B7D315 /* level_select_button2@2x.png in Resources */,
				AB9828BF18907A010029FFEC /* apple.png in Resources */,
				AB9E13821889CA4B001F6EA8 /* rock.png in Resources */,
				BF39176E1887A20400EF99E6 /* bullet.png in Resources */,
				ABB719E01887565E004D2FCA /* banana-hd.png in Resources */,
				BF30E0081888DDB1000773E5 /* cannon-head.png in Resources */,
				BFB425A818865B99002DD826 /* OopsDNE.png in Resources */,
				BF196D00188EFCAC008CB197 /* ok1.png in Resources */,
				BFB425AE1886FB5D002DD826 /* goRight.png in Resources */,
				ABB719F11887568D004D2FCA /* watermelon.png in Resources */,
				AB9FBB8A188B190000992502 /* main_menu_button2.png in Resources */,
				BFB425B1188702D4002DD826 /* level1.png in Resources */,
				ABB719E81887567B004D2FCA /* pineapple-hd.png in Resources */,
				BF196CF6188DDD74008CB197 /* fluffyframes.png in Resources */,
				ABB719EC18875684004D2FCA /* strawberry-hd.png in Resources */,
				BFB425B8188727AA002DD826 /* Bonus.png in Resources */,
				AB9E13841889CF26001F6EA8 /* level5.plist in Resources */,
				AB9E597E188B261100B7D315 /* restart_button@2x.png in Resources */,
				AB9FBB8B188B190000992502 /* restart_button.png in Resources */,
				BF196D01188EFCAC008CB197 /* ok2.png in Resources */,
				AB7821C8188A56A7008F51B8 /* pause.png in Resources */,
				ABB719F01887568D004D2FCA /* watermelon-hd.png in Resources */,
				ABB719E51887566E004D2FCA /* grapes.png in Resources */,
				BF39176C18879F5C00EF99E6 /* projectile2.png in Resources */,
				ABB719E11887565E004D2FCA /* banana.png in Resources */,
				BF4E9607188A1FD10000B4FE /* cannonx.png in Resources */,
				BF4E960B188A26F30000B4FE /* dialog2.png in Resources */,
				911975BA1888618F0070C1AE /* ButtonStar.png in Resources */,
				911975BB1888618F0070C1AE /* ButtonStarSel.png in Resources */,
				914BE9CD188969C70085E989 /* cannon-head-cropped.png in Resources */,
				AB9FBB8E188B190000992502 /* resume_button2.png in Resources */,
				AB49BD90188F991600795F1D /* level2.plist in Resources */,
				914BE9D1188990390085E989 /* cannon-body2.png in Resources */,
				AB9E597D188B261100B7D315 /* main_menu_button2@2x.png in Resources */,
				914BE9E31889BDF40085E989 /* bg.png in Resources */,
				BF196D20188F8696008CB197 /* tutorial1.png in Resources */,
				914BE9E41889BDF40085E989 /* bg@2x.png in Resources */,
				914BE9E51889BDF40085E989 /* button.png in Resources */,
				914BE9E61889BDF40085E989 /* button@2x.png in Resources */,
				914BE9E71889BDF40085E989 /* lock.png in Resources */,
				AB9E597A188B261100B7D315 /* level_select_button@2x.png in Resources */,
				AB9BA6451890672E00D66681 /* apple_level.png in Resources */,
				914BE9E81889BDF40085E989 /* lock@2x.png in Resources */,
				BF4E9609188A23760000B4FE /* cannonheadx.png in Resources */,
				917E7AC4188F1D4F004C4217 /* 4.png in Resources */,
				917E7AC5188F1D4F004C4217 /* 3.png in Resources */,
				917E7AC6188F1D4F004C4217 /* 2.png in Resources */,
				917E7AC7188F1D4F004C4217 /* 1.png in Resources */,
			);
			runOnlyForDeploymentPostprocessing = 0;
		};
		DCC1A25813A94EE6005BD75D /* Resources */ = {
			isa = PBXResourcesBuildPhase;
			buildActionMask = 2147483647;
			files = (
				DCC1A26913A94EE6005BD75D /* InfoPlist.strings in Resources */,
				DCC1A26C13A94EE6005BD75D /* MainMenu.xib in Resources */,
				DCC1A26E13A94EE6005BD75D /* fps_images.png in Resources */,
				DCC1A27013A94EE6005BD75D /* icon.icns in Resources */,
				DCC1A3B013A94F1A005BD75D /* config.lua in Resources */,
				DC193EC213B6969B00500B56 /* Author&License.txt in Resources */,
				DC193EC413B6969B00500B56 /* dg_grounds32.png in Resources */,
				DC26D6BF14B9E4D500B6002E /* fps_images-hd.png in Resources */,
			);
			runOnlyForDeploymentPostprocessing = 0;
		};
/* End PBXResourcesBuildPhase section */

/* Begin PBXSourcesBuildPhase section */
		DCC1A0DF13A94ED5005BD75D /* Sources */ = {
			isa = PBXSourcesBuildPhase;
			buildActionMask = 2147483647;
			files = (
				ABA18ADE18903B3800B05B35 /* NextLevelScene.mm in Sources */,
				DCC1A3A913A94F1A005BD75D /* AppDelegate.m in Sources */,
				ABB719CF18871CCA004D2FCA /* Fluffy.m in Sources */,
				DCC1A3AB13A94F1A005BD75D /* PhysicsLayer.mm in Sources */,
				BFB4259718862C92002DD826 /* LevelSelectLayer.mm in Sources */,
				ABB719DD188744B9004D2FCA /* Fruit.m in Sources */,
				BFB425A418865A9C002DD826 /* OopsDNE.mm in Sources */,
				DCC1A3AD13A94F1A005BD75D /* main.m in Sources */,
				DC193EB813B692D100500B56 /* GLES-Render.mm in Sources */,
				AB7821C6188A5515008F51B8 /* PauseScene.mm in Sources */,
				DC193EBC13B6956F00500B56 /* ContactListener.mm in Sources */,
				BFB425A118862DDE002DD826 /* StartMenuLayer.mm in Sources */,
				BF196D2518905AFA008CB197 /* derpymathlayer.mm in Sources */,
				ABB719DA18873FBF004D2FCA /* Obstacle.m in Sources */,
				DC2A3EC4149A30B400EF78B0 /* Box2DDebugLayer.mm in Sources */,
				AB9E2D031888D5B600F99EAB /* MyContactListener.mm in Sources */,
				914BE9DB1889BCA00085E989 /* EasyLevelLayer.mm in Sources */,
			);
			runOnlyForDeploymentPostprocessing = 0;
		};
		DCC1A25613A94EE6005BD75D /* Sources */ = {
			isa = PBXSourcesBuildPhase;
			buildActionMask = 2147483647;
			files = (
				DCC1A3AA13A94F1A005BD75D /* AppDelegate.m in Sources */,
				DCC1A3AC13A94F1A005BD75D /* PhysicsLayer.mm in Sources */,
				DCC1A3AE13A94F1A005BD75D /* main.m in Sources */,
				DC193EB713B692D100500B56 /* GLES-Render.mm in Sources */,
				DC193EBD13B6956F00500B56 /* ContactListener.mm in Sources */,
				DC2A3EC5149A30B400EF78B0 /* Box2DDebugLayer.mm in Sources */,
			);
			runOnlyForDeploymentPostprocessing = 0;
		};
/* End PBXSourcesBuildPhase section */

/* Begin PBXVariantGroup section */
		DCC1A26713A94EE6005BD75D /* InfoPlist.strings */ = {
			isa = PBXVariantGroup;
			children = (
				DCC1A26813A94EE6005BD75D /* English */,
			);
			name = InfoPlist.strings;
			sourceTree = "<group>";
		};
		DCC1A26A13A94EE6005BD75D /* MainMenu.xib */ = {
			isa = PBXVariantGroup;
			children = (
				DCC1A26B13A94EE6005BD75D /* English */,
			);
			name = MainMenu.xib;
			sourceTree = "<group>";
		};
/* End PBXVariantGroup section */

/* Begin XCBuildConfiguration section */
		DCC1A0DD13A94EC0005BD75D /* Debug */ = {
			isa = XCBuildConfiguration;
			buildSettings = {
			};
			name = Debug;
		};
		DCC1A0DE13A94EC0005BD75D /* Release */ = {
			isa = XCBuildConfiguration;
			buildSettings = {
			};
			name = Release;
		};
		DCC1A25413A94ED7005BD75D /* Debug */ = {
			isa = XCBuildConfiguration;
			baseConfigurationReference = DCFA90EF13B4F6F7009DD35A /* BuildSettings-Debug-iOS.xcconfig */;
			buildSettings = {
				CLANG_ENABLE_OBJC_ARC = YES;
				"CLANG_ENABLE_OBJC_ARC[arch=*]" = YES;
				CODE_SIGN_IDENTITY = "iPhone Developer: Linda Wang (98H3U2N8C4)";
				"CODE_SIGN_IDENTITY[sdk=iphoneos*]" = "iPhone Developer: Linda Wang (98H3U2N8C4)";
				PROVISIONING_PROFILE = "";
			};
			name = Debug;
		};
		DCC1A25513A94ED7005BD75D /* Release */ = {
			isa = XCBuildConfiguration;
			baseConfigurationReference = DCFA90F013B4F811009DD35A /* BuildSettings-Release-iOS.xcconfig */;
			buildSettings = {
				CLANG_ENABLE_OBJC_ARC = YES;
				CODE_SIGN_IDENTITY = "iPhone Developer: Linda Wang (98H3U2N8C4)";
				"CODE_SIGN_IDENTITY[sdk=iphoneos*]" = "iPhone Developer: Linda Wang (98H3U2N8C4)";
				PROVISIONING_PROFILE = "";
			};
			name = Release;
		};
		DCC1A38A13A94EE7005BD75D /* Debug */ = {
			isa = XCBuildConfiguration;
			baseConfigurationReference = DC9C33E713B5024400931BF2 /* BuildSettings-Debug-Mac.xcconfig */;
			buildSettings = {
			};
			name = Debug;
		};
		DCC1A38B13A94EE7005BD75D /* Release */ = {
			isa = XCBuildConfiguration;
			baseConfigurationReference = DC9C33E913B5024400931BF2 /* BuildSettings-Release-Mac.xcconfig */;
			buildSettings = {
			};
			name = Release;
		};
/* End XCBuildConfiguration section */

/* Begin XCConfigurationList section */
		DCC1A0DB13A94EC0005BD75D /* Build configuration list for PBXProject "TheRealFluffy" */ = {
			isa = XCConfigurationList;
			buildConfigurations = (
				DCC1A0DD13A94EC0005BD75D /* Debug */,
				DCC1A0DE13A94EC0005BD75D /* Release */,
			);
			defaultConfigurationIsVisible = 0;
			defaultConfigurationName = Release;
		};
		DCC1A25313A94ED7005BD75D /* Build configuration list for PBXNativeTarget "TheRealFluffy-iOS" */ = {
			isa = XCConfigurationList;
			buildConfigurations = (
				DCC1A25413A94ED7005BD75D /* Debug */,
				DCC1A25513A94ED7005BD75D /* Release */,
			);
			defaultConfigurationIsVisible = 0;
			defaultConfigurationName = Release;
		};
		DCC1A38913A94EE7005BD75D /* Build configuration list for PBXNativeTarget "TheRealFluffy-Mac" */ = {
			isa = XCConfigurationList;
			buildConfigurations = (
				DCC1A38A13A94EE7005BD75D /* Debug */,
				DCC1A38B13A94EE7005BD75D /* Release */,
			);
			defaultConfigurationIsVisible = 0;
			defaultConfigurationName = Release;
		};
/* End XCConfigurationList section */
	};
	rootObject = DCC1A0D813A94EC0005BD75D /* Project object */;
}
